
Microsoft Visual Studio Solution File, Format Version 12.00
# Visual Studio 14
VisualStudioVersion = 14.0.24720.0
MinimumVisualStudioVersion = 10.0.40219.1
Project("{FAE04EC0-301F-11D3-BF4B-00C04F79EFBC}") = "01.SchoolClasses", "01.SchoolClasses\01.SchoolClasses.csproj", "{F30807D9-5AE6-4528-ADD8-94B4EDD2443C}"
EndProject
Project("{FAE04EC0-301F-11D3-BF4B-00C04F79EFBC}") = "02.StudentsAndWorkers", "02.StudentsAndWorkers\02.StudentsAndWorkers.csproj", "{19FEC0C5-2B3C-4B7C-9DC0-83516C1C6134}"
EndProject
Project("{FAE04EC0-301F-11D3-BF4B-00C04F79EFBC}") = "03.AnimalHierarchy", "03.AnimalHierarchy\03.AnimalHierarchy.csproj", "{B395D369-B943-4E3B-B389-C17462758B7C}"
EndProject
Global
	GlobalSection(SolutionConfigurationPlatforms) = preSolution
		Debug|Any CPU = Debug|Any CPU
		Release|Any CPU = Release|Any CPU
	EndGlobalSection
	GlobalSection(ProjectConfigurationPlatforms) = postSolution
		{F30807D9-5AE6-4528-ADD8-94B4EDD2443C}.Debug|Any CPU.ActiveCfg = Debug|Any CPU
		{F30807D9-5AE6-4528-ADD8-94B4EDD2443C}.Debug|Any CPU.Build.0 = Debug|Any CPU
		{F30807D9-5AE6-4528-ADD8-94B4EDD2443C}.Release|Any CPU.ActiveCfg = Release|Any CPU
		{F30807D9-5AE6-4528-ADD8-94B4EDD2443C}.Release|Any CPU.Build.0 = Release|Any CPU
		{19FEC0C5-2B3C-4B7C-9DC0-83516C1C6134}.Debug|Any CPU.ActiveCfg = Debug|Any CPU
		{19FEC0C5-2B3C-4B7C-9DC0-83516C1C6134}.Debug|Any CPU.Build.0 = Debug|Any CPU
		{19FEC0C5-2B3C-4B7C-9DC0-83516C1C6134}.Release|Any CPU.ActiveCfg = Release|Any CPU
		{19FEC0C5-2B3C-4B7C-9DC0-83516C1C6134}.Release|Any CPU.Build.0 = Release|Any CPU
		{B395D369-B943-4E3B-B389-C17462758B7C}.Debug|Any CPU.ActiveCfg = Debug|Any CPU
		{B395D369-B943-4E3B-B389-C17462758B7C}.Debug|Any CPU.Build.0 = Debug|Any CPU
		{B395D369-B943-4E3B-B389-C17462758B7C}.Release|Any CPU.ActiveCfg = Release|Any CPU
		{B395D369-B943-4E3B-B389-C17462758B7C}.Release|Any CPU.Build.0 = Release|Any CPU
	EndGlobalSection
	GlobalSection(SolutionProperties) = preSolution
		HideSolutionNode = FALSE
	EndGlobalSection
EndGlobal
