
Microsoft Visual Studio Solution File, Format Version 12.00
# Visual Studio 14
VisualStudioVersion = 14.0.25420.1
MinimumVisualStudioVersion = 10.0.40219.1
Project("{FAE04EC0-301F-11D3-BF4B-00C04F79EFBC}") = "01.SumAverageList", "01.SumAverageList\01.SumAverageList.csproj", "{11AD6416-92AA-4A6A-8B20-82428CD7D119}"
EndProject
Project("{FAE04EC0-301F-11D3-BF4B-00C04F79EFBC}") = "02.ReverseNumbersWithStack", "02.ReverseNumbersWithStack\02.ReverseNumbersWithStack.csproj", "{F35D2D45-B31C-4494-84C1-3F5FA5751A26}"
EndProject
Project("{FAE04EC0-301F-11D3-BF4B-00C04F79EFBC}") = "03.SortIntegers", "03.SortIntegers\03.SortIntegers.csproj", "{C98171EC-5216-4460-BFBE-EF08C0018F31}"
EndProject
Project("{FAE04EC0-301F-11D3-BF4B-00C04F79EFBC}") = "04.LongestSubsequenceOfEqualElement", "04.LongestSubsequenceOfEqualElement\04.LongestSubsequenceOfEqualElement.csproj", "{F2561B03-DAC2-4E85-A638-7F5807E1CDAF}"
EndProject
Project("{FAE04EC0-301F-11D3-BF4B-00C04F79EFBC}") = "05.RemoveNegativeNumbers", "RemoveNegativeNumbers\05.RemoveNegativeNumbers.csproj", "{003F03F2-FEFA-43D6-86DF-C124FF9844F2}"
EndProject
Project("{FAE04EC0-301F-11D3-BF4B-00C04F79EFBC}") = "06.RemoveOddOccurences", "RemoveOddOccurences\06.RemoveOddOccurences.csproj", "{E033AEF2-01AF-4CFD-80E1-4F86D1E7ED8F}"
EndProject
Project("{FAE04EC0-301F-11D3-BF4B-00C04F79EFBC}") = "07.FindOccurences", "07.FindOccurences\07.FindOccurences.csproj", "{8AA68CA0-9D36-4E5C-8265-8B7FD20FCA39}"
EndProject
Project("{FAE04EC0-301F-11D3-BF4B-00C04F79EFBC}") = "08.FindMajorant", "08.FindMajorant\08.FindMajorant.csproj", "{5F24F83C-AC42-4A13-96BF-9A8FA7C2FDDF}"
EndProject
Project("{FAE04EC0-301F-11D3-BF4B-00C04F79EFBC}") = "09.FindFirst50OfSequence", "09.FindFirst50OfSequence\09.FindFirst50OfSequence.csproj", "{0DBC5AE2-F0EE-41C2-8BDF-C6F596D8F6F3}"
EndProject
Project("{FAE04EC0-301F-11D3-BF4B-00C04F79EFBC}") = "10.FindShortesSquenceOfOperations", "10.FindShortesSquenceOfOperations\10.FindShortesSquenceOfOperations.csproj", "{9702C9B0-5137-48FA-84AD-9AA0326438F4}"
EndProject
Project("{FAE04EC0-301F-11D3-BF4B-00C04F79EFBC}") = "11.LinkedListImplementation", "11.LinkedListImplementation\11.LinkedListImplementation.csproj", "{463B3A30-AA04-469D-A68C-43CEB51FFF52}"
EndProject
Project("{FAE04EC0-301F-11D3-BF4B-00C04F79EFBC}") = "12.StackImplementation", "12.StackImplementation\12.StackImplementation.csproj", "{0B67593B-7179-44F3-9108-D81BD709456A}"
EndProject
Project("{FAE04EC0-301F-11D3-BF4B-00C04F79EFBC}") = "13.QueueImplementation", "QueueImplementation\13.QueueImplementation.csproj", "{E972EBFE-411E-4364-B796-28EA888FB616}"
EndProject
Global
	GlobalSection(SolutionConfigurationPlatforms) = preSolution
		Debug|Any CPU = Debug|Any CPU
		Release|Any CPU = Release|Any CPU
	EndGlobalSection
	GlobalSection(ProjectConfigurationPlatforms) = postSolution
		{11AD6416-92AA-4A6A-8B20-82428CD7D119}.Debug|Any CPU.ActiveCfg = Debug|Any CPU
		{11AD6416-92AA-4A6A-8B20-82428CD7D119}.Debug|Any CPU.Build.0 = Debug|Any CPU
		{11AD6416-92AA-4A6A-8B20-82428CD7D119}.Release|Any CPU.ActiveCfg = Release|Any CPU
		{11AD6416-92AA-4A6A-8B20-82428CD7D119}.Release|Any CPU.Build.0 = Release|Any CPU
		{F35D2D45-B31C-4494-84C1-3F5FA5751A26}.Debug|Any CPU.ActiveCfg = Debug|Any CPU
		{F35D2D45-B31C-4494-84C1-3F5FA5751A26}.Debug|Any CPU.Build.0 = Debug|Any CPU
		{F35D2D45-B31C-4494-84C1-3F5FA5751A26}.Release|Any CPU.ActiveCfg = Release|Any CPU
		{F35D2D45-B31C-4494-84C1-3F5FA5751A26}.Release|Any CPU.Build.0 = Release|Any CPU
		{C98171EC-5216-4460-BFBE-EF08C0018F31}.Debug|Any CPU.ActiveCfg = Debug|Any CPU
		{C98171EC-5216-4460-BFBE-EF08C0018F31}.Debug|Any CPU.Build.0 = Debug|Any CPU
		{C98171EC-5216-4460-BFBE-EF08C0018F31}.Release|Any CPU.ActiveCfg = Release|Any CPU
		{C98171EC-5216-4460-BFBE-EF08C0018F31}.Release|Any CPU.Build.0 = Release|Any CPU
		{F2561B03-DAC2-4E85-A638-7F5807E1CDAF}.Debug|Any CPU.ActiveCfg = Debug|Any CPU
		{F2561B03-DAC2-4E85-A638-7F5807E1CDAF}.Debug|Any CPU.Build.0 = Debug|Any CPU
		{F2561B03-DAC2-4E85-A638-7F5807E1CDAF}.Release|Any CPU.ActiveCfg = Release|Any CPU
		{F2561B03-DAC2-4E85-A638-7F5807E1CDAF}.Release|Any CPU.Build.0 = Release|Any CPU
		{003F03F2-FEFA-43D6-86DF-C124FF9844F2}.Debug|Any CPU.ActiveCfg = Debug|Any CPU
		{003F03F2-FEFA-43D6-86DF-C124FF9844F2}.Debug|Any CPU.Build.0 = Debug|Any CPU
		{003F03F2-FEFA-43D6-86DF-C124FF9844F2}.Release|Any CPU.ActiveCfg = Release|Any CPU
		{003F03F2-FEFA-43D6-86DF-C124FF9844F2}.Release|Any CPU.Build.0 = Release|Any CPU
		{E033AEF2-01AF-4CFD-80E1-4F86D1E7ED8F}.Debug|Any CPU.ActiveCfg = Debug|Any CPU
		{E033AEF2-01AF-4CFD-80E1-4F86D1E7ED8F}.Debug|Any CPU.Build.0 = Debug|Any CPU
		{E033AEF2-01AF-4CFD-80E1-4F86D1E7ED8F}.Release|Any CPU.ActiveCfg = Release|Any CPU
		{E033AEF2-01AF-4CFD-80E1-4F86D1E7ED8F}.Release|Any CPU.Build.0 = Release|Any CPU
		{8AA68CA0-9D36-4E5C-8265-8B7FD20FCA39}.Debug|Any CPU.ActiveCfg = Debug|Any CPU
		{8AA68CA0-9D36-4E5C-8265-8B7FD20FCA39}.Debug|Any CPU.Build.0 = Debug|Any CPU
		{8AA68CA0-9D36-4E5C-8265-8B7FD20FCA39}.Release|Any CPU.ActiveCfg = Release|Any CPU
		{8AA68CA0-9D36-4E5C-8265-8B7FD20FCA39}.Release|Any CPU.Build.0 = Release|Any CPU
		{5F24F83C-AC42-4A13-96BF-9A8FA7C2FDDF}.Debug|Any CPU.ActiveCfg = Debug|Any CPU
		{5F24F83C-AC42-4A13-96BF-9A8FA7C2FDDF}.Debug|Any CPU.Build.0 = Debug|Any CPU
		{5F24F83C-AC42-4A13-96BF-9A8FA7C2FDDF}.Release|Any CPU.ActiveCfg = Release|Any CPU
		{5F24F83C-AC42-4A13-96BF-9A8FA7C2FDDF}.Release|Any CPU.Build.0 = Release|Any CPU
		{0DBC5AE2-F0EE-41C2-8BDF-C6F596D8F6F3}.Debug|Any CPU.ActiveCfg = Debug|Any CPU
		{0DBC5AE2-F0EE-41C2-8BDF-C6F596D8F6F3}.Debug|Any CPU.Build.0 = Debug|Any CPU
		{0DBC5AE2-F0EE-41C2-8BDF-C6F596D8F6F3}.Release|Any CPU.ActiveCfg = Release|Any CPU
		{0DBC5AE2-F0EE-41C2-8BDF-C6F596D8F6F3}.Release|Any CPU.Build.0 = Release|Any CPU
		{9702C9B0-5137-48FA-84AD-9AA0326438F4}.Debug|Any CPU.ActiveCfg = Debug|Any CPU
		{9702C9B0-5137-48FA-84AD-9AA0326438F4}.Debug|Any CPU.Build.0 = Debug|Any CPU
		{9702C9B0-5137-48FA-84AD-9AA0326438F4}.Release|Any CPU.ActiveCfg = Release|Any CPU
		{9702C9B0-5137-48FA-84AD-9AA0326438F4}.Release|Any CPU.Build.0 = Release|Any CPU
		{463B3A30-AA04-469D-A68C-43CEB51FFF52}.Debug|Any CPU.ActiveCfg = Debug|Any CPU
		{463B3A30-AA04-469D-A68C-43CEB51FFF52}.Debug|Any CPU.Build.0 = Debug|Any CPU
		{463B3A30-AA04-469D-A68C-43CEB51FFF52}.Release|Any CPU.ActiveCfg = Release|Any CPU
		{463B3A30-AA04-469D-A68C-43CEB51FFF52}.Release|Any CPU.Build.0 = Release|Any CPU
		{0B67593B-7179-44F3-9108-D81BD709456A}.Debug|Any CPU.ActiveCfg = Debug|Any CPU
		{0B67593B-7179-44F3-9108-D81BD709456A}.Debug|Any CPU.Build.0 = Debug|Any CPU
		{0B67593B-7179-44F3-9108-D81BD709456A}.Release|Any CPU.ActiveCfg = Release|Any CPU
		{0B67593B-7179-44F3-9108-D81BD709456A}.Release|Any CPU.Build.0 = Release|Any CPU
		{E972EBFE-411E-4364-B796-28EA888FB616}.Debug|Any CPU.ActiveCfg = Debug|Any CPU
		{E972EBFE-411E-4364-B796-28EA888FB616}.Debug|Any CPU.Build.0 = Debug|Any CPU
		{E972EBFE-411E-4364-B796-28EA888FB616}.Release|Any CPU.ActiveCfg = Release|Any CPU
		{E972EBFE-411E-4364-B796-28EA888FB616}.Release|Any CPU.Build.0 = Release|Any CPU
	EndGlobalSection
	GlobalSection(SolutionProperties) = preSolution
		HideSolutionNode = FALSE
	EndGlobalSection
EndGlobal
