
Microsoft Visual Studio Solution File, Format Version 12.00
# Visual Studio 15
VisualStudioVersion = 15.0.26228.4
MinimumVisualStudioVersion = 10.0.40219.1
Project("{FAE04EC0-301F-11D3-BF4B-00C04F79EFBC}") = "Horses", "Horses\Horses.csproj", "{715F8EC1-5FBE-42F5-BFE6-99369E09E343}"
EndProject
Project("{FAE04EC0-301F-11D3-BF4B-00C04F79EFBC}") = "HungryTom", "HungryTom\HungryTom.csproj", "{E0620843-B9D8-46B6-9189-5FD07C925F4B}"
EndProject
Project("{FAE04EC0-301F-11D3-BF4B-00C04F79EFBC}") = "Numbers", "Numbers\Numbers.csproj", "{27098EE8-FA0A-47BF-A37D-E05405698EAC}"
EndProject
Project("{FAE04EC0-301F-11D3-BF4B-00C04F79EFBC}") = "FriendsInNeed", "FriendsInNedd\FriendsInNeed.csproj", "{130DDE89-CA1E-481F-B514-9D6B8883C61A}"
EndProject
Global
	GlobalSection(SolutionConfigurationPlatforms) = preSolution
		Debug|Any CPU = Debug|Any CPU
		Release|Any CPU = Release|Any CPU
	EndGlobalSection
	GlobalSection(ProjectConfigurationPlatforms) = postSolution
		{715F8EC1-5FBE-42F5-BFE6-99369E09E343}.Debug|Any CPU.ActiveCfg = Debug|Any CPU
		{715F8EC1-5FBE-42F5-BFE6-99369E09E343}.Debug|Any CPU.Build.0 = Debug|Any CPU
		{715F8EC1-5FBE-42F5-BFE6-99369E09E343}.Release|Any CPU.ActiveCfg = Release|Any CPU
		{715F8EC1-5FBE-42F5-BFE6-99369E09E343}.Release|Any CPU.Build.0 = Release|Any CPU
		{E0620843-B9D8-46B6-9189-5FD07C925F4B}.Debug|Any CPU.ActiveCfg = Debug|Any CPU
		{E0620843-B9D8-46B6-9189-5FD07C925F4B}.Debug|Any CPU.Build.0 = Debug|Any CPU
		{E0620843-B9D8-46B6-9189-5FD07C925F4B}.Release|Any CPU.ActiveCfg = Release|Any CPU
		{E0620843-B9D8-46B6-9189-5FD07C925F4B}.Release|Any CPU.Build.0 = Release|Any CPU
		{27098EE8-FA0A-47BF-A37D-E05405698EAC}.Debug|Any CPU.ActiveCfg = Debug|Any CPU
		{27098EE8-FA0A-47BF-A37D-E05405698EAC}.Debug|Any CPU.Build.0 = Debug|Any CPU
		{27098EE8-FA0A-47BF-A37D-E05405698EAC}.Release|Any CPU.ActiveCfg = Release|Any CPU
		{27098EE8-FA0A-47BF-A37D-E05405698EAC}.Release|Any CPU.Build.0 = Release|Any CPU
		{130DDE89-CA1E-481F-B514-9D6B8883C61A}.Debug|Any CPU.ActiveCfg = Debug|Any CPU
		{130DDE89-CA1E-481F-B514-9D6B8883C61A}.Debug|Any CPU.Build.0 = Debug|Any CPU
		{130DDE89-CA1E-481F-B514-9D6B8883C61A}.Release|Any CPU.ActiveCfg = Release|Any CPU
		{130DDE89-CA1E-481F-B514-9D6B8883C61A}.Release|Any CPU.Build.0 = Release|Any CPU
	EndGlobalSection
	GlobalSection(SolutionProperties) = preSolution
		HideSolutionNode = FALSE
	EndGlobalSection
EndGlobal
