
Microsoft Visual Studio Solution File, Format Version 12.00
# Visual Studio 14
VisualStudioVersion = 14.0.25420.1
MinimumVisualStudioVersion = 10.0.40219.1
Project("{FAE04EC0-301F-11D3-BF4B-00C04F79EFBC}") = "[Recurssion]MessageInABottle", "[Recurssion]MessageInABottle\[Recurssion]MessageInABottle.csproj", "{F8DE97F4-5A1A-45E7-B5ED-EE45F7B18C65}"
EndProject
Project("{FAE04EC0-301F-11D3-BF4B-00C04F79EFBC}") = "[DP][Recurssion]AcademyTasks", "AcademyTasks\[DP][Recurssion]AcademyTasks.csproj", "{69345887-E101-4A54-B1A3-DD52EBB574D7}"
EndProject
Project("{FAE04EC0-301F-11D3-BF4B-00C04F79EFBC}") = "[BFS]RiskWin", "RiskWin\[BFS]RiskWin.csproj", "{A9C152CD-00C1-4871-B2F5-683F447944A1}"
EndProject
Project("{FAE04EC0-301F-11D3-BF4B-00C04F79EFBC}") = "[Diikstra][Graph]FriendsOfPesho", "[Diikstra]FriendsOfPesho\[Diikstra][Graph]FriendsOfPesho.csproj", "{CA8429DB-5F61-4C8F-AFE9-A2C4D009FBEF}"
EndProject
Project("{FAE04EC0-301F-11D3-BF4B-00C04F79EFBC}") = "[Recurssion]Sudoku", "[Recurssion]Sudoku\[Recurssion]Sudoku.csproj", "{705D0D90-DC3E-465B-B54B-50ABAAD2A375}"
EndProject
Project("{FAE04EC0-301F-11D3-BF4B-00C04F79EFBC}") = "[Recurssion]Crosswords", "[Recurssion]Crosswords\[Recurssion]Crosswords.csproj", "{09076CA7-696A-4C24-87D7-2B0742F8E2F7}"
EndProject
Project("{FAE04EC0-301F-11D3-BF4B-00C04F79EFBC}") = "[Recurssion]EightQueens", "[Recurssion]EightQueens\[Recurssion]EightQueens.csproj", "{9BF2D577-09C0-4B75-AB1C-999108259A7D}"
EndProject
Project("{FAE04EC0-301F-11D3-BF4B-00C04F79EFBC}") = "[Recurssion]ChanseGenerator", "tzuk\[Recurssion]ChanseGenerator.csproj", "{F3B315D3-4E42-45B4-AC38-083602204C48}"
EndProject
Global
	GlobalSection(SolutionConfigurationPlatforms) = preSolution
		Debug|Any CPU = Debug|Any CPU
		Release|Any CPU = Release|Any CPU
	EndGlobalSection
	GlobalSection(ProjectConfigurationPlatforms) = postSolution
		{F8DE97F4-5A1A-45E7-B5ED-EE45F7B18C65}.Debug|Any CPU.ActiveCfg = Debug|Any CPU
		{F8DE97F4-5A1A-45E7-B5ED-EE45F7B18C65}.Debug|Any CPU.Build.0 = Debug|Any CPU
		{F8DE97F4-5A1A-45E7-B5ED-EE45F7B18C65}.Release|Any CPU.ActiveCfg = Release|Any CPU
		{F8DE97F4-5A1A-45E7-B5ED-EE45F7B18C65}.Release|Any CPU.Build.0 = Release|Any CPU
		{69345887-E101-4A54-B1A3-DD52EBB574D7}.Debug|Any CPU.ActiveCfg = Debug|Any CPU
		{69345887-E101-4A54-B1A3-DD52EBB574D7}.Debug|Any CPU.Build.0 = Debug|Any CPU
		{69345887-E101-4A54-B1A3-DD52EBB574D7}.Release|Any CPU.ActiveCfg = Release|Any CPU
		{69345887-E101-4A54-B1A3-DD52EBB574D7}.Release|Any CPU.Build.0 = Release|Any CPU
		{A9C152CD-00C1-4871-B2F5-683F447944A1}.Debug|Any CPU.ActiveCfg = Debug|Any CPU
		{A9C152CD-00C1-4871-B2F5-683F447944A1}.Debug|Any CPU.Build.0 = Debug|Any CPU
		{A9C152CD-00C1-4871-B2F5-683F447944A1}.Release|Any CPU.ActiveCfg = Release|Any CPU
		{A9C152CD-00C1-4871-B2F5-683F447944A1}.Release|Any CPU.Build.0 = Release|Any CPU
		{CA8429DB-5F61-4C8F-AFE9-A2C4D009FBEF}.Debug|Any CPU.ActiveCfg = Debug|Any CPU
		{CA8429DB-5F61-4C8F-AFE9-A2C4D009FBEF}.Debug|Any CPU.Build.0 = Debug|Any CPU
		{CA8429DB-5F61-4C8F-AFE9-A2C4D009FBEF}.Release|Any CPU.ActiveCfg = Release|Any CPU
		{CA8429DB-5F61-4C8F-AFE9-A2C4D009FBEF}.Release|Any CPU.Build.0 = Release|Any CPU
		{705D0D90-DC3E-465B-B54B-50ABAAD2A375}.Debug|Any CPU.ActiveCfg = Debug|Any CPU
		{705D0D90-DC3E-465B-B54B-50ABAAD2A375}.Debug|Any CPU.Build.0 = Debug|Any CPU
		{705D0D90-DC3E-465B-B54B-50ABAAD2A375}.Release|Any CPU.ActiveCfg = Release|Any CPU
		{705D0D90-DC3E-465B-B54B-50ABAAD2A375}.Release|Any CPU.Build.0 = Release|Any CPU
		{09076CA7-696A-4C24-87D7-2B0742F8E2F7}.Debug|Any CPU.ActiveCfg = Debug|Any CPU
		{09076CA7-696A-4C24-87D7-2B0742F8E2F7}.Debug|Any CPU.Build.0 = Debug|Any CPU
		{09076CA7-696A-4C24-87D7-2B0742F8E2F7}.Release|Any CPU.ActiveCfg = Release|Any CPU
		{09076CA7-696A-4C24-87D7-2B0742F8E2F7}.Release|Any CPU.Build.0 = Release|Any CPU
		{9BF2D577-09C0-4B75-AB1C-999108259A7D}.Debug|Any CPU.ActiveCfg = Debug|Any CPU
		{9BF2D577-09C0-4B75-AB1C-999108259A7D}.Debug|Any CPU.Build.0 = Debug|Any CPU
		{9BF2D577-09C0-4B75-AB1C-999108259A7D}.Release|Any CPU.ActiveCfg = Release|Any CPU
		{9BF2D577-09C0-4B75-AB1C-999108259A7D}.Release|Any CPU.Build.0 = Release|Any CPU
		{F3B315D3-4E42-45B4-AC38-083602204C48}.Debug|Any CPU.ActiveCfg = Debug|Any CPU
		{F3B315D3-4E42-45B4-AC38-083602204C48}.Debug|Any CPU.Build.0 = Debug|Any CPU
		{F3B315D3-4E42-45B4-AC38-083602204C48}.Release|Any CPU.ActiveCfg = Release|Any CPU
		{F3B315D3-4E42-45B4-AC38-083602204C48}.Release|Any CPU.Build.0 = Release|Any CPU
	EndGlobalSection
	GlobalSection(SolutionProperties) = preSolution
		HideSolutionNode = FALSE
	EndGlobalSection
EndGlobal
