
Microsoft Visual Studio Solution File, Format Version 12.00
# Visual Studio 14
VisualStudioVersion = 14.0.25420.1
MinimumVisualStudioVersion = 10.0.40219.1
Project("{FAE04EC0-301F-11D3-BF4B-00C04F79EFBC}") = "[Recurssion]MessageInABottle", "[Recurssion]MessageInABottle\[Recurssion]MessageInABottle.csproj", "{F8DE97F4-5A1A-45E7-B5ED-EE45F7B18C65}"
EndProject
Project("{FAE04EC0-301F-11D3-BF4B-00C04F79EFBC}") = "[DP][Recurssion]AcademyTasks", "AcademyTasks\[DP][Recurssion]AcademyTasks.csproj", "{69345887-E101-4A54-B1A3-DD52EBB574D7}"
EndProject
Project("{FAE04EC0-301F-11D3-BF4B-00C04F79EFBC}") = "[BFS]RiskWin", "RiskWin\[BFS]RiskWin.csproj", "{A9C152CD-00C1-4871-B2F5-683F447944A1}"
EndProject
Project("{FAE04EC0-301F-11D3-BF4B-00C04F79EFBC}") = "[Diikstra][Graph]FriendsOfPesho", "[Diikstra]FriendsOfPesho\[Diikstra][Graph]FriendsOfPesho.csproj", "{CA8429DB-5F61-4C8F-AFE9-A2C4D009FBEF}"
EndProject
Project("{FAE04EC0-301F-11D3-BF4B-00C04F79EFBC}") = "[Recurssion]Sudoku", "[Recurssion]Sudoku\[Recurssion]Sudoku.csproj", "{705D0D90-DC3E-465B-B54B-50ABAAD2A375}"
EndProject
Project("{FAE04EC0-301F-11D3-BF4B-00C04F79EFBC}") = "[Recurssion]Crosswords", "[Recurssion]Crosswords\[Recurssion]Crosswords.csproj", "{09076CA7-696A-4C24-87D7-2B0742F8E2F7}"
EndProject
Project("{FAE04EC0-301F-11D3-BF4B-00C04F79EFBC}") = "[Recurssion]EightQueens", "[Recurssion]EightQueens\[Recurssion]EightQueens.csproj", "{9BF2D577-09C0-4B75-AB1C-999108259A7D}"
EndProject
Project("{FAE04EC0-301F-11D3-BF4B-00C04F79EFBC}") = "[Recurssion]ChanseGenerator", "tzuk\[Recurssion]ChanseGenerator.csproj", "{F3B315D3-4E42-45B4-AC38-083602204C48}"
EndProject
Project("{FAE04EC0-301F-11D3-BF4B-00C04F79EFBC}") = "Tree", "Tree\Tree.csproj", "{13017670-4A42-4207-82A3-94374D4A7F70}"
EndProject
Project("{FAE04EC0-301F-11D3-BF4B-00C04F79EFBC}") = "[DFS]Maximal Path", "Maximal Path\[DFS]Maximal Path.csproj", "{C290D162-669C-424C-A9F3-382CB3F2F61D}"
EndProject
Project("{FAE04EC0-301F-11D3-BF4B-00C04F79EFBC}") = "[DFS]MaximalPath2", "bb\[DFS]MaximalPath2.csproj", "{F9144EAF-C7FC-49F7-86B6-445BB55D1950}"
EndProject
Project("{FAE04EC0-301F-11D3-BF4B-00C04F79EFBC}") = "[Hashset]Words", "Words\[Hashset]Words.csproj", "{B8D458EA-EA16-4B8E-8B89-8E3C8A289C45}"
EndProject
Project("{FAE04EC0-301F-11D3-BF4B-00C04F79EFBC}") = "[BFS][DFS]Tree", "[BFS][DFS]Tree\[BFS][DFS]Tree.csproj", "{BABBAFBE-B40A-4A32-BBE6-1B3A3E518D92}"
EndProject
Project("{FAE04EC0-301F-11D3-BF4B-00C04F79EFBC}") = "[DP]Guitar", "[DP]Guitar\[DP]Guitar.csproj", "{A5A40EAA-B219-4F91-BCFB-C48E43936999}"
EndProject
Project("{FAE04EC0-301F-11D3-BF4B-00C04F79EFBC}") = "[BFS]Labyrinth", "[BFS]Labyrinth\[BFS]Labyrinth.csproj", "{DFFDAC4B-3170-40C5-90F9-F931246CFD50}"
EndProject
Project("{FAE04EC0-301F-11D3-BF4B-00C04F79EFBC}") = "RecoverMessage", "RecoverMessage\RecoverMessage.csproj", "{DA354ABF-6154-4220-9238-D90492218103}"
EndProject
Project("{FAE04EC0-301F-11D3-BF4B-00C04F79EFBC}") = "[Combinatorics]DoublePassword", "[Combinatorics]DoublePassword\[Combinatorics]DoublePassword.csproj", "{A19A8FC3-FDEE-4870-9C5B-00883B024C77}"
EndProject
Project("{FAE04EC0-301F-11D3-BF4B-00C04F79EFBC}") = "[Combinatorics]ColourfullRabbits", "[Combinatorics]ColourfullRabbits\[Combinatorics]ColourfullRabbits.csproj", "{5F7ABEBC-BCDD-471C-8013-F5EA7D13C79C}"
EndProject
Project("{FAE04EC0-301F-11D3-BF4B-00C04F79EFBC}") = "[Combinatorics]GreatestDiviser", "[Combinatorics]GreatestDiviser\[Combinatorics]GreatestDiviser.csproj", "{72066E1F-2047-40C9-861A-8DF633250BF2}"
EndProject
Project("{FAE04EC0-301F-11D3-BF4B-00C04F79EFBC}") = "[Combinatorics]ZigZag", "[Combinatorics]ZigZag\[Combinatorics]ZigZag.csproj", "{7ECB558C-B110-40DF-991A-E9A358EEA676}"
EndProject
Project("{FAE04EC0-301F-11D3-BF4B-00C04F79EFBC}") = "[Data Structures and STL]Sorting", "[Data Structures and STL]Sorting\[Data Structures and STL]Sorting.csproj", "{A310C0F4-3575-41ED-901E-75094F024069}"
EndProject
Project("{FAE04EC0-301F-11D3-BF4B-00C04F79EFBC}") = "[DataStructure and STL][Queue]Tasks", "[DataStructure and STL]Tasks\[DataStructure and STL][Queue]Tasks.csproj", "{A4285848-9B97-4641-98D7-73894073C388}"
EndProject
Project("{FAE04EC0-301F-11D3-BF4B-00C04F79EFBC}") = "[STL][BinarySearch]Pipes", "[DataStructure And STL]Pipes\[STL][BinarySearch]Pipes.csproj", "{FFF479DE-90C9-4029-B84A-6C8E88A1ABD3}"
EndProject
Project("{FAE04EC0-301F-11D3-BF4B-00C04F79EFBC}") = "[STL]InternetShop", "[STL]InternetShop\[STL]InternetShop.csproj", "{AB742723-5752-435F-9C32-A7B60A6EB2BA}"
EndProject
Project("{FAE04EC0-301F-11D3-BF4B-00C04F79EFBC}") = "[DP]Tribonachi", "[DP]Tribonachi\[DP]Tribonachi.csproj", "{F410DD05-DBE5-453B-A109-4050C6CAB87C}"
EndProject
Project("{FAE04EC0-301F-11D3-BF4B-00C04F79EFBC}") = "[DP]SuperSum", "[DP]SuperSum\[DP]SuperSum.csproj", "{03D2154D-D692-4264-9B76-CED7EDD33259}"
EndProject
Project("{FAE04EC0-301F-11D3-BF4B-00C04F79EFBC}") = "[DP]Brackets", "[DP]Brackets\[DP]Brackets.csproj", "{F76A586D-EB16-4B52-89D0-BC399987B399}"
EndProject
Project("{FAE04EC0-301F-11D3-BF4B-00C04F79EFBC}") = "[TGr]Carrying", "[TGr]Carrying\[TGr]Carrying.csproj", "{4502B88A-9AD0-420F-869E-0F922ED84220}"
EndProject
Project("{FAE04EC0-301F-11D3-BF4B-00C04F79EFBC}") = "[TGr]Inna", "[TGr]Inna\[TGr]Inna.csproj", "{3621BC3D-C69B-46FB-B6CD-DEAE83176145}"
EndProject
Project("{FAE04EC0-301F-11D3-BF4B-00C04F79EFBC}") = "[Tgr][NotFinished]MostFamous", "[Tgr]MostFamous\[Tgr][NotFinished]MostFamous.csproj", "{F57D671B-C82C-4042-9A76-6E5CAF66F6E2}"
EndProject
Project("{FAE04EC0-301F-11D3-BF4B-00C04F79EFBC}") = "[STL]PlayerRanking", "PlayerRanking\[STL]PlayerRanking.csproj", "{89D1BB28-293D-436E-83DA-F0E88C818F16}"
EndProject
Project("{FAE04EC0-301F-11D3-BF4B-00C04F79EFBC}") = "[DP]DogeCoin", "[DP]DogeCoin\[DP]DogeCoin.csproj", "{A9940BED-05B1-4110-90DC-EF1CC84C0DBD}"
EndProject
Project("{FAE04EC0-301F-11D3-BF4B-00C04F79EFBC}") = "[DP]HelpDoge", "[DP]HelpDoge\[DP]HelpDoge.csproj", "{CB1D36B7-9991-4EFD-A23C-BBFB8B06B006}"
EndProject
Project("{FAE04EC0-301F-11D3-BF4B-00C04F79EFBC}") = "[DPGreedy]Gold fever", "Gold fever\[DPGreedy]Gold fever.csproj", "{C7E147E9-318B-4795-BA09-8F6483B4E8FC}"
EndProject
Project("{FAE04EC0-301F-11D3-BF4B-00C04F79EFBC}") = "Rings", "Rings\Rings.csproj", "{9ED11671-731B-4F63-B00C-7E4F8268A17D}"
EndProject
Project("{FAE04EC0-301F-11D3-BF4B-00C04F79EFBC}") = "Documentation", "Documentation\Documentation.csproj", "{93DFAB91-B255-418A-AF96-80AC3B8965F1}"
EndProject
Project("{FAE04EC0-301F-11D3-BF4B-00C04F79EFBC}") = "Swapping", "Swapping\Swapping.csproj", "{B4E0E57A-1F7D-4B74-A854-155FE05F9C72}"
EndProject
Project("{FAE04EC0-301F-11D3-BF4B-00C04F79EFBC}") = "[DP]Guards", "[DP]Guards\[DP]Guards.csproj", "{FF5AD10D-997D-4763-8CAC-379F41337E82}"
EndProject
Project("{FAE04EC0-301F-11D3-BF4B-00C04F79EFBC}") = "[DFS][Graph]Conference", "Conference\[DFS][Graph]Conference.csproj", "{8B135281-4AB1-4048-B3AC-4BFBC315CA68}"
EndProject
Project("{FAE04EC0-301F-11D3-BF4B-00C04F79EFBC}") = "[Dictionaries]UnitsOfWork", "[Dictionaries]UnitsOfWork\[Dictionaries]UnitsOfWork.csproj", "{9B412FFD-94ED-49D6-9CAD-9F7DAAEF41DA}"
EndProject
Project("{FAE04EC0-301F-11D3-BF4B-00C04F79EFBC}") = "[Graph]Tasks", "[Graph]Tasks\[Graph]Tasks.csproj", "{864D4578-762F-4242-B504-995D505AB627}"
EndProject
Project("{FAE04EC0-301F-11D3-BF4B-00C04F79EFBC}") = "Words[2015]", "Words[2015]\Words[2015].csproj", "{62799293-2EE6-4F33-BC16-22FCEBCB3570}"
EndProject
Project("{FAE04EC0-301F-11D3-BF4B-00C04F79EFBC}") = "[Graph]MaximalPath", "[Graph]MaximalPath\[Graph]MaximalPath.csproj", "{9AC01BAD-943F-498C-84D4-F702F801CAD5}"
EndProject
Project("{FAE04EC0-301F-11D3-BF4B-00C04F79EFBC}") = "WordsCukiSolution", "WordsCukiSolution\WordsCukiSolution.csproj", "{B0BF5676-D8FB-483A-9E4A-ACC55467658A}"
EndProject
Project("{FAE04EC0-301F-11D3-BF4B-00C04F79EFBC}") = "[DP]ExchangeRates", "[DP]ExchangeRates\[DP]ExchangeRates.csproj", "{F19AA8E8-CDC3-466A-BFA7-FB3D57556EE3}"
EndProject
Project("{FAE04EC0-301F-11D3-BF4B-00C04F79EFBC}") = "[graph]PenguinAirlines", "[graph]PenguinAirlines\[graph]PenguinAirlines.csproj", "{A8BAD58A-1B87-44E2-B85B-818E559B302C}"
EndProject
Project("{FAE04EC0-301F-11D3-BF4B-00C04F79EFBC}") = "[Recurssion]Portals", "[r\[Recurssion]Portals.csproj", "{BA73BED2-DBCE-48C3-9EC5-5E28B0CBA407}"
EndProject
Project("{FAE04EC0-301F-11D3-BF4B-00C04F79EFBC}") = "[DP]Towns", "[DP]Towns\[DP]Towns.csproj", "{A9919228-2D21-4303-99FD-7402B4437F55}"
EndProject
Project("{FAE04EC0-301F-11D3-BF4B-00C04F79EFBC}") = "[graph][bfs]Sorting", "[graph][bfs]Sorting\[graph][bfs]Sorting.csproj", "{2F988989-FD50-4E29-BF5E-364DAC737565}"
EndProject
Project("{FAE04EC0-301F-11D3-BF4B-00C04F79EFBC}") = "[Graph]Renewal", "[Graph]Renewal\[Graph]Renewal.csproj", "{410E767E-55E5-421F-B68C-ECB43FE75104}"
EndProject
Project("{FAE04EC0-301F-11D3-BF4B-00C04F79EFBC}") = "[Graph][NotFinished]BaiIvan", "[Graph]BaiIvan\[Graph][NotFinished]BaiIvan.csproj", "{ED854A9D-9A21-4081-AE31-54093BD15DA3}"
EndProject
Project("{FAE04EC0-301F-11D3-BF4B-00C04F79EFBC}") = "[KnackSack]Fitness", "[KnackSack]Fitness\[KnackSack]Fitness.csproj", "{71DEFF68-E2DB-49F5-B9ED-93DF5344AB88}"
EndProject
Project("{FAE04EC0-301F-11D3-BF4B-00C04F79EFBC}") = "[STL]AquaPark", "[STL]\[STL]AquaPark.csproj", "{9371FA7B-0B70-4713-8A02-16E91798F1EB}"
EndProject
Project("{FAE04EC0-301F-11D3-BF4B-00C04F79EFBC}") = "[TopoSort]Doglovespaper", "[TopoSort]Doglovespaper\[TopoSort]Doglovespaper.csproj", "{8F12FFD2-3B27-4D9E-91F1-2CF551923DE9}"
EndProject
Project("{FAE04EC0-301F-11D3-BF4B-00C04F79EFBC}") = "[STL][BigList]PlayerRanking", "[STL][BigList]PlayerRanking\[STL][BigList]PlayerRanking.csproj", "{7CBEE853-5EAA-4B71-A309-580AE2A5501D}"
EndProject
Project("{FAE04EC0-301F-11D3-BF4B-00C04F79EFBC}") = "[Recurssion]Numerology", "[Recurssion]Numerology\[Recurssion]Numerology.csproj", "{3F44FFD5-03BA-43F7-A2D6-A50024AA8D0B}"
EndProject
Project("{FAE04EC0-301F-11D3-BF4B-00C04F79EFBC}") = "[Recurssion]Girls Gone Wild", "[Recurssion]Girls Gone Wild\[Recurssion]Girls Gone Wild.csproj", "{0138FED6-7C6B-4206-BBE5-768958A12336}"
EndProject
Project("{FAE04EC0-301F-11D3-BF4B-00C04F79EFBC}") = "[Dp]GameOfLife", "[Dp]GameOfLife\[Dp]GameOfLife.csproj", "{05E83545-7543-4592-BC83-871DD57D5530}"
EndProject
Project("{FAE04EC0-301F-11D3-BF4B-00C04F79EFBC}") = "[Recurssion]ShortestPath", "[Recurssion]ShortestPath\[Recurssion]ShortestPath.csproj", "{0B7E48B9-0717-4D84-9E84-3554D3383859}"
EndProject
Global
	GlobalSection(SolutionConfigurationPlatforms) = preSolution
		Debug|Any CPU = Debug|Any CPU
		Release|Any CPU = Release|Any CPU
	EndGlobalSection
	GlobalSection(ProjectConfigurationPlatforms) = postSolution
		{F8DE97F4-5A1A-45E7-B5ED-EE45F7B18C65}.Debug|Any CPU.ActiveCfg = Debug|Any CPU
		{F8DE97F4-5A1A-45E7-B5ED-EE45F7B18C65}.Debug|Any CPU.Build.0 = Debug|Any CPU
		{F8DE97F4-5A1A-45E7-B5ED-EE45F7B18C65}.Release|Any CPU.ActiveCfg = Release|Any CPU
		{F8DE97F4-5A1A-45E7-B5ED-EE45F7B18C65}.Release|Any CPU.Build.0 = Release|Any CPU
		{69345887-E101-4A54-B1A3-DD52EBB574D7}.Debug|Any CPU.ActiveCfg = Debug|Any CPU
		{69345887-E101-4A54-B1A3-DD52EBB574D7}.Debug|Any CPU.Build.0 = Debug|Any CPU
		{69345887-E101-4A54-B1A3-DD52EBB574D7}.Release|Any CPU.ActiveCfg = Release|Any CPU
		{69345887-E101-4A54-B1A3-DD52EBB574D7}.Release|Any CPU.Build.0 = Release|Any CPU
		{A9C152CD-00C1-4871-B2F5-683F447944A1}.Debug|Any CPU.ActiveCfg = Debug|Any CPU
		{A9C152CD-00C1-4871-B2F5-683F447944A1}.Debug|Any CPU.Build.0 = Debug|Any CPU
		{A9C152CD-00C1-4871-B2F5-683F447944A1}.Release|Any CPU.ActiveCfg = Release|Any CPU
		{A9C152CD-00C1-4871-B2F5-683F447944A1}.Release|Any CPU.Build.0 = Release|Any CPU
		{CA8429DB-5F61-4C8F-AFE9-A2C4D009FBEF}.Debug|Any CPU.ActiveCfg = Debug|Any CPU
		{CA8429DB-5F61-4C8F-AFE9-A2C4D009FBEF}.Debug|Any CPU.Build.0 = Debug|Any CPU
		{CA8429DB-5F61-4C8F-AFE9-A2C4D009FBEF}.Release|Any CPU.ActiveCfg = Release|Any CPU
		{CA8429DB-5F61-4C8F-AFE9-A2C4D009FBEF}.Release|Any CPU.Build.0 = Release|Any CPU
		{705D0D90-DC3E-465B-B54B-50ABAAD2A375}.Debug|Any CPU.ActiveCfg = Debug|Any CPU
		{705D0D90-DC3E-465B-B54B-50ABAAD2A375}.Debug|Any CPU.Build.0 = Debug|Any CPU
		{705D0D90-DC3E-465B-B54B-50ABAAD2A375}.Release|Any CPU.ActiveCfg = Release|Any CPU
		{705D0D90-DC3E-465B-B54B-50ABAAD2A375}.Release|Any CPU.Build.0 = Release|Any CPU
		{09076CA7-696A-4C24-87D7-2B0742F8E2F7}.Debug|Any CPU.ActiveCfg = Debug|Any CPU
		{09076CA7-696A-4C24-87D7-2B0742F8E2F7}.Debug|Any CPU.Build.0 = Debug|Any CPU
		{09076CA7-696A-4C24-87D7-2B0742F8E2F7}.Release|Any CPU.ActiveCfg = Release|Any CPU
		{09076CA7-696A-4C24-87D7-2B0742F8E2F7}.Release|Any CPU.Build.0 = Release|Any CPU
		{9BF2D577-09C0-4B75-AB1C-999108259A7D}.Debug|Any CPU.ActiveCfg = Debug|Any CPU
		{9BF2D577-09C0-4B75-AB1C-999108259A7D}.Debug|Any CPU.Build.0 = Debug|Any CPU
		{9BF2D577-09C0-4B75-AB1C-999108259A7D}.Release|Any CPU.ActiveCfg = Release|Any CPU
		{9BF2D577-09C0-4B75-AB1C-999108259A7D}.Release|Any CPU.Build.0 = Release|Any CPU
		{F3B315D3-4E42-45B4-AC38-083602204C48}.Debug|Any CPU.ActiveCfg = Debug|Any CPU
		{F3B315D3-4E42-45B4-AC38-083602204C48}.Debug|Any CPU.Build.0 = Debug|Any CPU
		{F3B315D3-4E42-45B4-AC38-083602204C48}.Release|Any CPU.ActiveCfg = Release|Any CPU
		{F3B315D3-4E42-45B4-AC38-083602204C48}.Release|Any CPU.Build.0 = Release|Any CPU
		{13017670-4A42-4207-82A3-94374D4A7F70}.Debug|Any CPU.ActiveCfg = Debug|Any CPU
		{13017670-4A42-4207-82A3-94374D4A7F70}.Debug|Any CPU.Build.0 = Debug|Any CPU
		{13017670-4A42-4207-82A3-94374D4A7F70}.Release|Any CPU.ActiveCfg = Release|Any CPU
		{13017670-4A42-4207-82A3-94374D4A7F70}.Release|Any CPU.Build.0 = Release|Any CPU
		{C290D162-669C-424C-A9F3-382CB3F2F61D}.Debug|Any CPU.ActiveCfg = Debug|Any CPU
		{C290D162-669C-424C-A9F3-382CB3F2F61D}.Debug|Any CPU.Build.0 = Debug|Any CPU
		{C290D162-669C-424C-A9F3-382CB3F2F61D}.Release|Any CPU.ActiveCfg = Release|Any CPU
		{C290D162-669C-424C-A9F3-382CB3F2F61D}.Release|Any CPU.Build.0 = Release|Any CPU
		{F9144EAF-C7FC-49F7-86B6-445BB55D1950}.Debug|Any CPU.ActiveCfg = Debug|Any CPU
		{F9144EAF-C7FC-49F7-86B6-445BB55D1950}.Debug|Any CPU.Build.0 = Debug|Any CPU
		{F9144EAF-C7FC-49F7-86B6-445BB55D1950}.Release|Any CPU.ActiveCfg = Release|Any CPU
		{F9144EAF-C7FC-49F7-86B6-445BB55D1950}.Release|Any CPU.Build.0 = Release|Any CPU
		{B8D458EA-EA16-4B8E-8B89-8E3C8A289C45}.Debug|Any CPU.ActiveCfg = Debug|Any CPU
		{B8D458EA-EA16-4B8E-8B89-8E3C8A289C45}.Debug|Any CPU.Build.0 = Debug|Any CPU
		{B8D458EA-EA16-4B8E-8B89-8E3C8A289C45}.Release|Any CPU.ActiveCfg = Release|Any CPU
		{B8D458EA-EA16-4B8E-8B89-8E3C8A289C45}.Release|Any CPU.Build.0 = Release|Any CPU
		{BABBAFBE-B40A-4A32-BBE6-1B3A3E518D92}.Debug|Any CPU.ActiveCfg = Debug|Any CPU
		{BABBAFBE-B40A-4A32-BBE6-1B3A3E518D92}.Debug|Any CPU.Build.0 = Debug|Any CPU
		{BABBAFBE-B40A-4A32-BBE6-1B3A3E518D92}.Release|Any CPU.ActiveCfg = Release|Any CPU
		{BABBAFBE-B40A-4A32-BBE6-1B3A3E518D92}.Release|Any CPU.Build.0 = Release|Any CPU
		{A5A40EAA-B219-4F91-BCFB-C48E43936999}.Debug|Any CPU.ActiveCfg = Debug|Any CPU
		{A5A40EAA-B219-4F91-BCFB-C48E43936999}.Debug|Any CPU.Build.0 = Debug|Any CPU
		{A5A40EAA-B219-4F91-BCFB-C48E43936999}.Release|Any CPU.ActiveCfg = Release|Any CPU
		{A5A40EAA-B219-4F91-BCFB-C48E43936999}.Release|Any CPU.Build.0 = Release|Any CPU
		{DFFDAC4B-3170-40C5-90F9-F931246CFD50}.Debug|Any CPU.ActiveCfg = Debug|Any CPU
		{DFFDAC4B-3170-40C5-90F9-F931246CFD50}.Debug|Any CPU.Build.0 = Debug|Any CPU
		{DFFDAC4B-3170-40C5-90F9-F931246CFD50}.Release|Any CPU.ActiveCfg = Release|Any CPU
		{DFFDAC4B-3170-40C5-90F9-F931246CFD50}.Release|Any CPU.Build.0 = Release|Any CPU
		{DA354ABF-6154-4220-9238-D90492218103}.Debug|Any CPU.ActiveCfg = Debug|Any CPU
		{DA354ABF-6154-4220-9238-D90492218103}.Debug|Any CPU.Build.0 = Debug|Any CPU
		{DA354ABF-6154-4220-9238-D90492218103}.Release|Any CPU.ActiveCfg = Release|Any CPU
		{DA354ABF-6154-4220-9238-D90492218103}.Release|Any CPU.Build.0 = Release|Any CPU
		{A19A8FC3-FDEE-4870-9C5B-00883B024C77}.Debug|Any CPU.ActiveCfg = Debug|Any CPU
		{A19A8FC3-FDEE-4870-9C5B-00883B024C77}.Debug|Any CPU.Build.0 = Debug|Any CPU
		{A19A8FC3-FDEE-4870-9C5B-00883B024C77}.Release|Any CPU.ActiveCfg = Release|Any CPU
		{A19A8FC3-FDEE-4870-9C5B-00883B024C77}.Release|Any CPU.Build.0 = Release|Any CPU
		{5F7ABEBC-BCDD-471C-8013-F5EA7D13C79C}.Debug|Any CPU.ActiveCfg = Debug|Any CPU
		{5F7ABEBC-BCDD-471C-8013-F5EA7D13C79C}.Debug|Any CPU.Build.0 = Debug|Any CPU
		{5F7ABEBC-BCDD-471C-8013-F5EA7D13C79C}.Release|Any CPU.ActiveCfg = Release|Any CPU
		{5F7ABEBC-BCDD-471C-8013-F5EA7D13C79C}.Release|Any CPU.Build.0 = Release|Any CPU
		{72066E1F-2047-40C9-861A-8DF633250BF2}.Debug|Any CPU.ActiveCfg = Debug|Any CPU
		{72066E1F-2047-40C9-861A-8DF633250BF2}.Debug|Any CPU.Build.0 = Debug|Any CPU
		{72066E1F-2047-40C9-861A-8DF633250BF2}.Release|Any CPU.ActiveCfg = Release|Any CPU
		{72066E1F-2047-40C9-861A-8DF633250BF2}.Release|Any CPU.Build.0 = Release|Any CPU
		{7ECB558C-B110-40DF-991A-E9A358EEA676}.Debug|Any CPU.ActiveCfg = Debug|Any CPU
		{7ECB558C-B110-40DF-991A-E9A358EEA676}.Debug|Any CPU.Build.0 = Debug|Any CPU
		{7ECB558C-B110-40DF-991A-E9A358EEA676}.Release|Any CPU.ActiveCfg = Release|Any CPU
		{7ECB558C-B110-40DF-991A-E9A358EEA676}.Release|Any CPU.Build.0 = Release|Any CPU
		{A310C0F4-3575-41ED-901E-75094F024069}.Debug|Any CPU.ActiveCfg = Debug|Any CPU
		{A310C0F4-3575-41ED-901E-75094F024069}.Debug|Any CPU.Build.0 = Debug|Any CPU
		{A310C0F4-3575-41ED-901E-75094F024069}.Release|Any CPU.ActiveCfg = Release|Any CPU
		{A310C0F4-3575-41ED-901E-75094F024069}.Release|Any CPU.Build.0 = Release|Any CPU
		{A4285848-9B97-4641-98D7-73894073C388}.Debug|Any CPU.ActiveCfg = Debug|Any CPU
		{A4285848-9B97-4641-98D7-73894073C388}.Debug|Any CPU.Build.0 = Debug|Any CPU
		{A4285848-9B97-4641-98D7-73894073C388}.Release|Any CPU.ActiveCfg = Release|Any CPU
		{A4285848-9B97-4641-98D7-73894073C388}.Release|Any CPU.Build.0 = Release|Any CPU
		{FFF479DE-90C9-4029-B84A-6C8E88A1ABD3}.Debug|Any CPU.ActiveCfg = Debug|Any CPU
		{FFF479DE-90C9-4029-B84A-6C8E88A1ABD3}.Debug|Any CPU.Build.0 = Debug|Any CPU
		{FFF479DE-90C9-4029-B84A-6C8E88A1ABD3}.Release|Any CPU.ActiveCfg = Release|Any CPU
		{FFF479DE-90C9-4029-B84A-6C8E88A1ABD3}.Release|Any CPU.Build.0 = Release|Any CPU
		{AB742723-5752-435F-9C32-A7B60A6EB2BA}.Debug|Any CPU.ActiveCfg = Debug|Any CPU
		{AB742723-5752-435F-9C32-A7B60A6EB2BA}.Debug|Any CPU.Build.0 = Debug|Any CPU
		{AB742723-5752-435F-9C32-A7B60A6EB2BA}.Release|Any CPU.ActiveCfg = Release|Any CPU
		{AB742723-5752-435F-9C32-A7B60A6EB2BA}.Release|Any CPU.Build.0 = Release|Any CPU
		{F410DD05-DBE5-453B-A109-4050C6CAB87C}.Debug|Any CPU.ActiveCfg = Debug|Any CPU
		{F410DD05-DBE5-453B-A109-4050C6CAB87C}.Debug|Any CPU.Build.0 = Debug|Any CPU
		{F410DD05-DBE5-453B-A109-4050C6CAB87C}.Release|Any CPU.ActiveCfg = Release|Any CPU
		{F410DD05-DBE5-453B-A109-4050C6CAB87C}.Release|Any CPU.Build.0 = Release|Any CPU
		{03D2154D-D692-4264-9B76-CED7EDD33259}.Debug|Any CPU.ActiveCfg = Debug|Any CPU
		{03D2154D-D692-4264-9B76-CED7EDD33259}.Debug|Any CPU.Build.0 = Debug|Any CPU
		{03D2154D-D692-4264-9B76-CED7EDD33259}.Release|Any CPU.ActiveCfg = Release|Any CPU
		{03D2154D-D692-4264-9B76-CED7EDD33259}.Release|Any CPU.Build.0 = Release|Any CPU
		{F76A586D-EB16-4B52-89D0-BC399987B399}.Debug|Any CPU.ActiveCfg = Debug|Any CPU
		{F76A586D-EB16-4B52-89D0-BC399987B399}.Debug|Any CPU.Build.0 = Debug|Any CPU
		{F76A586D-EB16-4B52-89D0-BC399987B399}.Release|Any CPU.ActiveCfg = Release|Any CPU
		{F76A586D-EB16-4B52-89D0-BC399987B399}.Release|Any CPU.Build.0 = Release|Any CPU
		{4502B88A-9AD0-420F-869E-0F922ED84220}.Debug|Any CPU.ActiveCfg = Debug|Any CPU
		{4502B88A-9AD0-420F-869E-0F922ED84220}.Debug|Any CPU.Build.0 = Debug|Any CPU
		{4502B88A-9AD0-420F-869E-0F922ED84220}.Release|Any CPU.ActiveCfg = Release|Any CPU
		{4502B88A-9AD0-420F-869E-0F922ED84220}.Release|Any CPU.Build.0 = Release|Any CPU
		{3621BC3D-C69B-46FB-B6CD-DEAE83176145}.Debug|Any CPU.ActiveCfg = Debug|Any CPU
		{3621BC3D-C69B-46FB-B6CD-DEAE83176145}.Debug|Any CPU.Build.0 = Debug|Any CPU
		{3621BC3D-C69B-46FB-B6CD-DEAE83176145}.Release|Any CPU.ActiveCfg = Release|Any CPU
		{3621BC3D-C69B-46FB-B6CD-DEAE83176145}.Release|Any CPU.Build.0 = Release|Any CPU
		{F57D671B-C82C-4042-9A76-6E5CAF66F6E2}.Debug|Any CPU.ActiveCfg = Debug|Any CPU
		{F57D671B-C82C-4042-9A76-6E5CAF66F6E2}.Debug|Any CPU.Build.0 = Debug|Any CPU
		{F57D671B-C82C-4042-9A76-6E5CAF66F6E2}.Release|Any CPU.ActiveCfg = Release|Any CPU
		{F57D671B-C82C-4042-9A76-6E5CAF66F6E2}.Release|Any CPU.Build.0 = Release|Any CPU
		{89D1BB28-293D-436E-83DA-F0E88C818F16}.Debug|Any CPU.ActiveCfg = Debug|Any CPU
		{89D1BB28-293D-436E-83DA-F0E88C818F16}.Debug|Any CPU.Build.0 = Debug|Any CPU
		{89D1BB28-293D-436E-83DA-F0E88C818F16}.Release|Any CPU.ActiveCfg = Release|Any CPU
		{89D1BB28-293D-436E-83DA-F0E88C818F16}.Release|Any CPU.Build.0 = Release|Any CPU
		{A9940BED-05B1-4110-90DC-EF1CC84C0DBD}.Debug|Any CPU.ActiveCfg = Debug|Any CPU
		{A9940BED-05B1-4110-90DC-EF1CC84C0DBD}.Debug|Any CPU.Build.0 = Debug|Any CPU
		{A9940BED-05B1-4110-90DC-EF1CC84C0DBD}.Release|Any CPU.ActiveCfg = Release|Any CPU
		{A9940BED-05B1-4110-90DC-EF1CC84C0DBD}.Release|Any CPU.Build.0 = Release|Any CPU
		{CB1D36B7-9991-4EFD-A23C-BBFB8B06B006}.Debug|Any CPU.ActiveCfg = Debug|Any CPU
		{CB1D36B7-9991-4EFD-A23C-BBFB8B06B006}.Debug|Any CPU.Build.0 = Debug|Any CPU
		{CB1D36B7-9991-4EFD-A23C-BBFB8B06B006}.Release|Any CPU.ActiveCfg = Release|Any CPU
		{CB1D36B7-9991-4EFD-A23C-BBFB8B06B006}.Release|Any CPU.Build.0 = Release|Any CPU
		{C7E147E9-318B-4795-BA09-8F6483B4E8FC}.Debug|Any CPU.ActiveCfg = Debug|Any CPU
		{C7E147E9-318B-4795-BA09-8F6483B4E8FC}.Debug|Any CPU.Build.0 = Debug|Any CPU
		{C7E147E9-318B-4795-BA09-8F6483B4E8FC}.Release|Any CPU.ActiveCfg = Release|Any CPU
		{C7E147E9-318B-4795-BA09-8F6483B4E8FC}.Release|Any CPU.Build.0 = Release|Any CPU
		{9ED11671-731B-4F63-B00C-7E4F8268A17D}.Debug|Any CPU.ActiveCfg = Debug|Any CPU
		{9ED11671-731B-4F63-B00C-7E4F8268A17D}.Debug|Any CPU.Build.0 = Debug|Any CPU
		{9ED11671-731B-4F63-B00C-7E4F8268A17D}.Release|Any CPU.ActiveCfg = Release|Any CPU
		{9ED11671-731B-4F63-B00C-7E4F8268A17D}.Release|Any CPU.Build.0 = Release|Any CPU
		{93DFAB91-B255-418A-AF96-80AC3B8965F1}.Debug|Any CPU.ActiveCfg = Debug|Any CPU
		{93DFAB91-B255-418A-AF96-80AC3B8965F1}.Debug|Any CPU.Build.0 = Debug|Any CPU
		{93DFAB91-B255-418A-AF96-80AC3B8965F1}.Release|Any CPU.ActiveCfg = Release|Any CPU
		{93DFAB91-B255-418A-AF96-80AC3B8965F1}.Release|Any CPU.Build.0 = Release|Any CPU
		{B4E0E57A-1F7D-4B74-A854-155FE05F9C72}.Debug|Any CPU.ActiveCfg = Debug|Any CPU
		{B4E0E57A-1F7D-4B74-A854-155FE05F9C72}.Debug|Any CPU.Build.0 = Debug|Any CPU
		{B4E0E57A-1F7D-4B74-A854-155FE05F9C72}.Release|Any CPU.ActiveCfg = Release|Any CPU
		{B4E0E57A-1F7D-4B74-A854-155FE05F9C72}.Release|Any CPU.Build.0 = Release|Any CPU
		{FF5AD10D-997D-4763-8CAC-379F41337E82}.Debug|Any CPU.ActiveCfg = Debug|Any CPU
		{FF5AD10D-997D-4763-8CAC-379F41337E82}.Debug|Any CPU.Build.0 = Debug|Any CPU
		{FF5AD10D-997D-4763-8CAC-379F41337E82}.Release|Any CPU.ActiveCfg = Release|Any CPU
		{FF5AD10D-997D-4763-8CAC-379F41337E82}.Release|Any CPU.Build.0 = Release|Any CPU
		{8B135281-4AB1-4048-B3AC-4BFBC315CA68}.Debug|Any CPU.ActiveCfg = Debug|Any CPU
		{8B135281-4AB1-4048-B3AC-4BFBC315CA68}.Debug|Any CPU.Build.0 = Debug|Any CPU
		{8B135281-4AB1-4048-B3AC-4BFBC315CA68}.Release|Any CPU.ActiveCfg = Release|Any CPU
		{8B135281-4AB1-4048-B3AC-4BFBC315CA68}.Release|Any CPU.Build.0 = Release|Any CPU
		{9B412FFD-94ED-49D6-9CAD-9F7DAAEF41DA}.Debug|Any CPU.ActiveCfg = Debug|Any CPU
		{9B412FFD-94ED-49D6-9CAD-9F7DAAEF41DA}.Debug|Any CPU.Build.0 = Debug|Any CPU
		{9B412FFD-94ED-49D6-9CAD-9F7DAAEF41DA}.Release|Any CPU.ActiveCfg = Release|Any CPU
		{9B412FFD-94ED-49D6-9CAD-9F7DAAEF41DA}.Release|Any CPU.Build.0 = Release|Any CPU
		{864D4578-762F-4242-B504-995D505AB627}.Debug|Any CPU.ActiveCfg = Debug|Any CPU
		{864D4578-762F-4242-B504-995D505AB627}.Debug|Any CPU.Build.0 = Debug|Any CPU
		{864D4578-762F-4242-B504-995D505AB627}.Release|Any CPU.ActiveCfg = Release|Any CPU
		{864D4578-762F-4242-B504-995D505AB627}.Release|Any CPU.Build.0 = Release|Any CPU
		{62799293-2EE6-4F33-BC16-22FCEBCB3570}.Debug|Any CPU.ActiveCfg = Debug|Any CPU
		{62799293-2EE6-4F33-BC16-22FCEBCB3570}.Debug|Any CPU.Build.0 = Debug|Any CPU
		{62799293-2EE6-4F33-BC16-22FCEBCB3570}.Release|Any CPU.ActiveCfg = Release|Any CPU
		{62799293-2EE6-4F33-BC16-22FCEBCB3570}.Release|Any CPU.Build.0 = Release|Any CPU
		{9AC01BAD-943F-498C-84D4-F702F801CAD5}.Debug|Any CPU.ActiveCfg = Debug|Any CPU
		{9AC01BAD-943F-498C-84D4-F702F801CAD5}.Debug|Any CPU.Build.0 = Debug|Any CPU
		{9AC01BAD-943F-498C-84D4-F702F801CAD5}.Release|Any CPU.ActiveCfg = Release|Any CPU
		{9AC01BAD-943F-498C-84D4-F702F801CAD5}.Release|Any CPU.Build.0 = Release|Any CPU
		{B0BF5676-D8FB-483A-9E4A-ACC55467658A}.Debug|Any CPU.ActiveCfg = Debug|Any CPU
		{B0BF5676-D8FB-483A-9E4A-ACC55467658A}.Debug|Any CPU.Build.0 = Debug|Any CPU
		{B0BF5676-D8FB-483A-9E4A-ACC55467658A}.Release|Any CPU.ActiveCfg = Release|Any CPU
		{B0BF5676-D8FB-483A-9E4A-ACC55467658A}.Release|Any CPU.Build.0 = Release|Any CPU
		{F19AA8E8-CDC3-466A-BFA7-FB3D57556EE3}.Debug|Any CPU.ActiveCfg = Debug|Any CPU
		{F19AA8E8-CDC3-466A-BFA7-FB3D57556EE3}.Debug|Any CPU.Build.0 = Debug|Any CPU
		{F19AA8E8-CDC3-466A-BFA7-FB3D57556EE3}.Release|Any CPU.ActiveCfg = Release|Any CPU
		{F19AA8E8-CDC3-466A-BFA7-FB3D57556EE3}.Release|Any CPU.Build.0 = Release|Any CPU
		{A8BAD58A-1B87-44E2-B85B-818E559B302C}.Debug|Any CPU.ActiveCfg = Debug|Any CPU
		{A8BAD58A-1B87-44E2-B85B-818E559B302C}.Debug|Any CPU.Build.0 = Debug|Any CPU
		{A8BAD58A-1B87-44E2-B85B-818E559B302C}.Release|Any CPU.ActiveCfg = Release|Any CPU
		{A8BAD58A-1B87-44E2-B85B-818E559B302C}.Release|Any CPU.Build.0 = Release|Any CPU
		{BA73BED2-DBCE-48C3-9EC5-5E28B0CBA407}.Debug|Any CPU.ActiveCfg = Debug|Any CPU
		{BA73BED2-DBCE-48C3-9EC5-5E28B0CBA407}.Debug|Any CPU.Build.0 = Debug|Any CPU
		{BA73BED2-DBCE-48C3-9EC5-5E28B0CBA407}.Release|Any CPU.ActiveCfg = Release|Any CPU
		{BA73BED2-DBCE-48C3-9EC5-5E28B0CBA407}.Release|Any CPU.Build.0 = Release|Any CPU
		{A9919228-2D21-4303-99FD-7402B4437F55}.Debug|Any CPU.ActiveCfg = Debug|Any CPU
		{A9919228-2D21-4303-99FD-7402B4437F55}.Debug|Any CPU.Build.0 = Debug|Any CPU
		{A9919228-2D21-4303-99FD-7402B4437F55}.Release|Any CPU.ActiveCfg = Release|Any CPU
		{A9919228-2D21-4303-99FD-7402B4437F55}.Release|Any CPU.Build.0 = Release|Any CPU
		{2F988989-FD50-4E29-BF5E-364DAC737565}.Debug|Any CPU.ActiveCfg = Debug|Any CPU
		{2F988989-FD50-4E29-BF5E-364DAC737565}.Debug|Any CPU.Build.0 = Debug|Any CPU
		{2F988989-FD50-4E29-BF5E-364DAC737565}.Release|Any CPU.ActiveCfg = Release|Any CPU
		{2F988989-FD50-4E29-BF5E-364DAC737565}.Release|Any CPU.Build.0 = Release|Any CPU
		{410E767E-55E5-421F-B68C-ECB43FE75104}.Debug|Any CPU.ActiveCfg = Debug|Any CPU
		{410E767E-55E5-421F-B68C-ECB43FE75104}.Debug|Any CPU.Build.0 = Debug|Any CPU
		{410E767E-55E5-421F-B68C-ECB43FE75104}.Release|Any CPU.ActiveCfg = Release|Any CPU
		{410E767E-55E5-421F-B68C-ECB43FE75104}.Release|Any CPU.Build.0 = Release|Any CPU
		{ED854A9D-9A21-4081-AE31-54093BD15DA3}.Debug|Any CPU.ActiveCfg = Debug|Any CPU
		{ED854A9D-9A21-4081-AE31-54093BD15DA3}.Debug|Any CPU.Build.0 = Debug|Any CPU
		{ED854A9D-9A21-4081-AE31-54093BD15DA3}.Release|Any CPU.ActiveCfg = Release|Any CPU
		{ED854A9D-9A21-4081-AE31-54093BD15DA3}.Release|Any CPU.Build.0 = Release|Any CPU
		{71DEFF68-E2DB-49F5-B9ED-93DF5344AB88}.Debug|Any CPU.ActiveCfg = Debug|Any CPU
		{71DEFF68-E2DB-49F5-B9ED-93DF5344AB88}.Debug|Any CPU.Build.0 = Debug|Any CPU
		{71DEFF68-E2DB-49F5-B9ED-93DF5344AB88}.Release|Any CPU.ActiveCfg = Release|Any CPU
		{71DEFF68-E2DB-49F5-B9ED-93DF5344AB88}.Release|Any CPU.Build.0 = Release|Any CPU
		{9371FA7B-0B70-4713-8A02-16E91798F1EB}.Debug|Any CPU.ActiveCfg = Debug|Any CPU
		{9371FA7B-0B70-4713-8A02-16E91798F1EB}.Debug|Any CPU.Build.0 = Debug|Any CPU
		{9371FA7B-0B70-4713-8A02-16E91798F1EB}.Release|Any CPU.ActiveCfg = Release|Any CPU
		{9371FA7B-0B70-4713-8A02-16E91798F1EB}.Release|Any CPU.Build.0 = Release|Any CPU
		{8F12FFD2-3B27-4D9E-91F1-2CF551923DE9}.Debug|Any CPU.ActiveCfg = Debug|Any CPU
		{8F12FFD2-3B27-4D9E-91F1-2CF551923DE9}.Debug|Any CPU.Build.0 = Debug|Any CPU
		{8F12FFD2-3B27-4D9E-91F1-2CF551923DE9}.Release|Any CPU.ActiveCfg = Release|Any CPU
		{8F12FFD2-3B27-4D9E-91F1-2CF551923DE9}.Release|Any CPU.Build.0 = Release|Any CPU
		{7CBEE853-5EAA-4B71-A309-580AE2A5501D}.Debug|Any CPU.ActiveCfg = Debug|Any CPU
		{7CBEE853-5EAA-4B71-A309-580AE2A5501D}.Debug|Any CPU.Build.0 = Debug|Any CPU
		{7CBEE853-5EAA-4B71-A309-580AE2A5501D}.Release|Any CPU.ActiveCfg = Release|Any CPU
		{7CBEE853-5EAA-4B71-A309-580AE2A5501D}.Release|Any CPU.Build.0 = Release|Any CPU
		{3F44FFD5-03BA-43F7-A2D6-A50024AA8D0B}.Debug|Any CPU.ActiveCfg = Debug|Any CPU
		{3F44FFD5-03BA-43F7-A2D6-A50024AA8D0B}.Debug|Any CPU.Build.0 = Debug|Any CPU
		{3F44FFD5-03BA-43F7-A2D6-A50024AA8D0B}.Release|Any CPU.ActiveCfg = Release|Any CPU
		{3F44FFD5-03BA-43F7-A2D6-A50024AA8D0B}.Release|Any CPU.Build.0 = Release|Any CPU
		{0138FED6-7C6B-4206-BBE5-768958A12336}.Debug|Any CPU.ActiveCfg = Debug|Any CPU
		{0138FED6-7C6B-4206-BBE5-768958A12336}.Debug|Any CPU.Build.0 = Debug|Any CPU
		{0138FED6-7C6B-4206-BBE5-768958A12336}.Release|Any CPU.ActiveCfg = Release|Any CPU
		{0138FED6-7C6B-4206-BBE5-768958A12336}.Release|Any CPU.Build.0 = Release|Any CPU
		{05E83545-7543-4592-BC83-871DD57D5530}.Debug|Any CPU.ActiveCfg = Debug|Any CPU
		{05E83545-7543-4592-BC83-871DD57D5530}.Debug|Any CPU.Build.0 = Debug|Any CPU
		{05E83545-7543-4592-BC83-871DD57D5530}.Release|Any CPU.ActiveCfg = Release|Any CPU
		{05E83545-7543-4592-BC83-871DD57D5530}.Release|Any CPU.Build.0 = Release|Any CPU
		{0B7E48B9-0717-4D84-9E84-3554D3383859}.Debug|Any CPU.ActiveCfg = Debug|Any CPU
		{0B7E48B9-0717-4D84-9E84-3554D3383859}.Debug|Any CPU.Build.0 = Debug|Any CPU
		{0B7E48B9-0717-4D84-9E84-3554D3383859}.Release|Any CPU.ActiveCfg = Release|Any CPU
		{0B7E48B9-0717-4D84-9E84-3554D3383859}.Release|Any CPU.Build.0 = Release|Any CPU
	EndGlobalSection
	GlobalSection(SolutionProperties) = preSolution
		HideSolutionNode = FALSE
	EndGlobalSection
EndGlobal
