
Microsoft Visual Studio Solution File, Format Version 12.00
# Visual Studio 14
VisualStudioVersion = 14.0.25420.1
MinimumVisualStudioVersion = 10.0.40219.1
Project("{2150E333-8FDC-42A3-9474-1A3956D46DE8}") = "Creational", "Creational", "{58AA1E69-726F-496E-BD70-D886B1067791}"
EndProject
Project("{FAE04EC0-301F-11D3-BF4B-00C04F79EFBC}") = "1.Singleton", "1.Singleton\1.Singleton.csproj", "{E505AFA4-AEC1-4292-8C22-21224C449764}"
EndProject
Project("{FAE04EC0-301F-11D3-BF4B-00C04F79EFBC}") = "1.1Thread-Save-Singleton", "1.1Thread-Save-Singleton\1.1Thread-Save-Singleton.csproj", "{9DB563E9-ED48-4F86-B476-EA7637DFAD4C}"
EndProject
Project("{FAE04EC0-301F-11D3-BF4B-00C04F79EFBC}") = "2.SimpleFactory", "2.SimpleFactory\2.SimpleFactory.csproj", "{6EFFA09B-17D9-425A-95E9-084892F96FC8}"
EndProject
Project("{FAE04EC0-301F-11D3-BF4B-00C04F79EFBC}") = "3.FactoryMethod", "3.FactoryMethod\3.FactoryMethod.csproj", "{FD164C6E-C5E6-4C0B-A122-ABB31FB381CC}"
EndProject
Project("{FAE04EC0-301F-11D3-BF4B-00C04F79EFBC}") = "4.AbstractFactory", "4.AbstractFactory\4.AbstractFactory.csproj", "{813993FC-2026-466C-807A-F6BDDE1FB228}"
EndProject
Project("{FAE04EC0-301F-11D3-BF4B-00C04F79EFBC}") = "5.Builder", "5.Builder\5.Builder.csproj", "{B753BCA7-DA96-485A-BCF2-1BC531009CA0}"
EndProject
Project("{FAE04EC0-301F-11D3-BF4B-00C04F79EFBC}") = "6.Prototype", "6.Prototype\6.Prototype.csproj", "{349AFD13-C4DB-422E-8064-5241AE4BDFA1}"
EndProject
Project("{FAE04EC0-301F-11D3-BF4B-00C04F79EFBC}") = "7.FluentInterface", "7.FluentInterface\7.FluentInterface.csproj", "{6C8846C3-0039-4603-85BB-3AE770406099}"
EndProject
Project("{FAE04EC0-301F-11D3-BF4B-00C04F79EFBC}") = "8. LazyInitialization", "8.LazyInitialization\8. LazyInitialization.csproj", "{E0B51DB5-7820-40EB-9BAC-50C5545347F9}"
EndProject
Project("{FAE04EC0-301F-11D3-BF4B-00C04F79EFBC}") = "9.ObjectPool", "9.ObjectPool\9.ObjectPool.csproj", "{D67EBC2D-D9B1-4AC1-A702-6AA68908CD0F}"
EndProject
Global
	GlobalSection(SolutionConfigurationPlatforms) = preSolution
		Debug|Any CPU = Debug|Any CPU
		Release|Any CPU = Release|Any CPU
	EndGlobalSection
	GlobalSection(ProjectConfigurationPlatforms) = postSolution
		{E505AFA4-AEC1-4292-8C22-21224C449764}.Debug|Any CPU.ActiveCfg = Debug|Any CPU
		{E505AFA4-AEC1-4292-8C22-21224C449764}.Debug|Any CPU.Build.0 = Debug|Any CPU
		{E505AFA4-AEC1-4292-8C22-21224C449764}.Release|Any CPU.ActiveCfg = Release|Any CPU
		{E505AFA4-AEC1-4292-8C22-21224C449764}.Release|Any CPU.Build.0 = Release|Any CPU
		{9DB563E9-ED48-4F86-B476-EA7637DFAD4C}.Debug|Any CPU.ActiveCfg = Debug|Any CPU
		{9DB563E9-ED48-4F86-B476-EA7637DFAD4C}.Debug|Any CPU.Build.0 = Debug|Any CPU
		{9DB563E9-ED48-4F86-B476-EA7637DFAD4C}.Release|Any CPU.ActiveCfg = Release|Any CPU
		{9DB563E9-ED48-4F86-B476-EA7637DFAD4C}.Release|Any CPU.Build.0 = Release|Any CPU
		{6EFFA09B-17D9-425A-95E9-084892F96FC8}.Debug|Any CPU.ActiveCfg = Debug|Any CPU
		{6EFFA09B-17D9-425A-95E9-084892F96FC8}.Debug|Any CPU.Build.0 = Debug|Any CPU
		{6EFFA09B-17D9-425A-95E9-084892F96FC8}.Release|Any CPU.ActiveCfg = Release|Any CPU
		{6EFFA09B-17D9-425A-95E9-084892F96FC8}.Release|Any CPU.Build.0 = Release|Any CPU
		{FD164C6E-C5E6-4C0B-A122-ABB31FB381CC}.Debug|Any CPU.ActiveCfg = Debug|Any CPU
		{FD164C6E-C5E6-4C0B-A122-ABB31FB381CC}.Debug|Any CPU.Build.0 = Debug|Any CPU
		{FD164C6E-C5E6-4C0B-A122-ABB31FB381CC}.Release|Any CPU.ActiveCfg = Release|Any CPU
		{FD164C6E-C5E6-4C0B-A122-ABB31FB381CC}.Release|Any CPU.Build.0 = Release|Any CPU
		{813993FC-2026-466C-807A-F6BDDE1FB228}.Debug|Any CPU.ActiveCfg = Debug|Any CPU
		{813993FC-2026-466C-807A-F6BDDE1FB228}.Debug|Any CPU.Build.0 = Debug|Any CPU
		{813993FC-2026-466C-807A-F6BDDE1FB228}.Release|Any CPU.ActiveCfg = Release|Any CPU
		{813993FC-2026-466C-807A-F6BDDE1FB228}.Release|Any CPU.Build.0 = Release|Any CPU
		{B753BCA7-DA96-485A-BCF2-1BC531009CA0}.Debug|Any CPU.ActiveCfg = Debug|Any CPU
		{B753BCA7-DA96-485A-BCF2-1BC531009CA0}.Debug|Any CPU.Build.0 = Debug|Any CPU
		{B753BCA7-DA96-485A-BCF2-1BC531009CA0}.Release|Any CPU.ActiveCfg = Release|Any CPU
		{B753BCA7-DA96-485A-BCF2-1BC531009CA0}.Release|Any CPU.Build.0 = Release|Any CPU
		{349AFD13-C4DB-422E-8064-5241AE4BDFA1}.Debug|Any CPU.ActiveCfg = Debug|Any CPU
		{349AFD13-C4DB-422E-8064-5241AE4BDFA1}.Debug|Any CPU.Build.0 = Debug|Any CPU
		{349AFD13-C4DB-422E-8064-5241AE4BDFA1}.Release|Any CPU.ActiveCfg = Release|Any CPU
		{349AFD13-C4DB-422E-8064-5241AE4BDFA1}.Release|Any CPU.Build.0 = Release|Any CPU
		{6C8846C3-0039-4603-85BB-3AE770406099}.Debug|Any CPU.ActiveCfg = Debug|Any CPU
		{6C8846C3-0039-4603-85BB-3AE770406099}.Debug|Any CPU.Build.0 = Debug|Any CPU
		{6C8846C3-0039-4603-85BB-3AE770406099}.Release|Any CPU.ActiveCfg = Release|Any CPU
		{6C8846C3-0039-4603-85BB-3AE770406099}.Release|Any CPU.Build.0 = Release|Any CPU
		{E0B51DB5-7820-40EB-9BAC-50C5545347F9}.Debug|Any CPU.ActiveCfg = Debug|Any CPU
		{E0B51DB5-7820-40EB-9BAC-50C5545347F9}.Debug|Any CPU.Build.0 = Debug|Any CPU
		{E0B51DB5-7820-40EB-9BAC-50C5545347F9}.Release|Any CPU.ActiveCfg = Release|Any CPU
		{E0B51DB5-7820-40EB-9BAC-50C5545347F9}.Release|Any CPU.Build.0 = Release|Any CPU
		{D67EBC2D-D9B1-4AC1-A702-6AA68908CD0F}.Debug|Any CPU.ActiveCfg = Debug|Any CPU
		{D67EBC2D-D9B1-4AC1-A702-6AA68908CD0F}.Debug|Any CPU.Build.0 = Debug|Any CPU
		{D67EBC2D-D9B1-4AC1-A702-6AA68908CD0F}.Release|Any CPU.ActiveCfg = Release|Any CPU
		{D67EBC2D-D9B1-4AC1-A702-6AA68908CD0F}.Release|Any CPU.Build.0 = Release|Any CPU
	EndGlobalSection
	GlobalSection(SolutionProperties) = preSolution
		HideSolutionNode = FALSE
	EndGlobalSection
	GlobalSection(NestedProjects) = preSolution
		{E505AFA4-AEC1-4292-8C22-21224C449764} = {58AA1E69-726F-496E-BD70-D886B1067791}
		{9DB563E9-ED48-4F86-B476-EA7637DFAD4C} = {58AA1E69-726F-496E-BD70-D886B1067791}
		{6EFFA09B-17D9-425A-95E9-084892F96FC8} = {58AA1E69-726F-496E-BD70-D886B1067791}
		{FD164C6E-C5E6-4C0B-A122-ABB31FB381CC} = {58AA1E69-726F-496E-BD70-D886B1067791}
		{813993FC-2026-466C-807A-F6BDDE1FB228} = {58AA1E69-726F-496E-BD70-D886B1067791}
		{B753BCA7-DA96-485A-BCF2-1BC531009CA0} = {58AA1E69-726F-496E-BD70-D886B1067791}
		{349AFD13-C4DB-422E-8064-5241AE4BDFA1} = {58AA1E69-726F-496E-BD70-D886B1067791}
		{6C8846C3-0039-4603-85BB-3AE770406099} = {58AA1E69-726F-496E-BD70-D886B1067791}
		{E0B51DB5-7820-40EB-9BAC-50C5545347F9} = {58AA1E69-726F-496E-BD70-D886B1067791}
		{D67EBC2D-D9B1-4AC1-A702-6AA68908CD0F} = {58AA1E69-726F-496E-BD70-D886B1067791}
	EndGlobalSection
EndGlobal
