
Microsoft Visual Studio Solution File, Format Version 12.00
# Visual Studio 14
VisualStudioVersion = 14.0.24720.0
MinimumVisualStudioVersion = 10.0.40219.1
Project("{FAE04EC0-301F-11D3-BF4B-00C04F79EFBC}") = "WarMachine", "WarMachine\WarMachine.csproj", "{DB4731D6-83E9-48EC-AA09-C7A125A15B65}"
EndProject
Project("{FAE04EC0-301F-11D3-BF4B-00C04F79EFBC}") = "TradeAndTravel", "TradeAndTravel\TradeAndTravel.csproj", "{C2E1E106-1207-4515-8549-7C1C1324A406}"
EndProject
Global
	GlobalSection(SolutionConfigurationPlatforms) = preSolution
		Debug|Any CPU = Debug|Any CPU
		Release|Any CPU = Release|Any CPU
	EndGlobalSection
	GlobalSection(ProjectConfigurationPlatforms) = postSolution
		{DB4731D6-83E9-48EC-AA09-C7A125A15B65}.Debug|Any CPU.ActiveCfg = Debug|Any CPU
		{DB4731D6-83E9-48EC-AA09-C7A125A15B65}.Debug|Any CPU.Build.0 = Debug|Any CPU
		{DB4731D6-83E9-48EC-AA09-C7A125A15B65}.Release|Any CPU.ActiveCfg = Release|Any CPU
		{DB4731D6-83E9-48EC-AA09-C7A125A15B65}.Release|Any CPU.Build.0 = Release|Any CPU
		{C2E1E106-1207-4515-8549-7C1C1324A406}.Debug|Any CPU.ActiveCfg = Debug|Any CPU
		{C2E1E106-1207-4515-8549-7C1C1324A406}.Debug|Any CPU.Build.0 = Debug|Any CPU
		{C2E1E106-1207-4515-8549-7C1C1324A406}.Release|Any CPU.ActiveCfg = Release|Any CPU
		{C2E1E106-1207-4515-8549-7C1C1324A406}.Release|Any CPU.Build.0 = Release|Any CPU
	EndGlobalSection
	GlobalSection(SolutionProperties) = preSolution
		HideSolutionNode = FALSE
	EndGlobalSection
EndGlobal
