
Microsoft Visual Studio Solution File, Format Version 12.00
# Visual Studio 14
VisualStudioVersion = 14.0.24720.0
MinimumVisualStudioVersion = 10.0.40219.1
Project("{FAE04EC0-301F-11D3-BF4B-00C04F79EFBC}") = "01.SquareRoot", "01.SquareRoot\01.SquareRoot.csproj", "{3EF2BB72-E240-4E9E-8B3E-F2C9E107DB22}"
EndProject
Project("{FAE04EC0-301F-11D3-BF4B-00C04F79EFBC}") = "02.EnterNumber", "02.EnterNumber\02.EnterNumber.csproj", "{1C761605-206B-4F93-9C34-52CFC4A77B22}"
EndProject
Global
	GlobalSection(SolutionConfigurationPlatforms) = preSolution
		Debug|Any CPU = Debug|Any CPU
		Release|Any CPU = Release|Any CPU
	EndGlobalSection
	GlobalSection(ProjectConfigurationPlatforms) = postSolution
		{3EF2BB72-E240-4E9E-8B3E-F2C9E107DB22}.Debug|Any CPU.ActiveCfg = Debug|Any CPU
		{3EF2BB72-E240-4E9E-8B3E-F2C9E107DB22}.Debug|Any CPU.Build.0 = Debug|Any CPU
		{3EF2BB72-E240-4E9E-8B3E-F2C9E107DB22}.Release|Any CPU.ActiveCfg = Release|Any CPU
		{3EF2BB72-E240-4E9E-8B3E-F2C9E107DB22}.Release|Any CPU.Build.0 = Release|Any CPU
		{1C761605-206B-4F93-9C34-52CFC4A77B22}.Debug|Any CPU.ActiveCfg = Debug|Any CPU
		{1C761605-206B-4F93-9C34-52CFC4A77B22}.Debug|Any CPU.Build.0 = Debug|Any CPU
		{1C761605-206B-4F93-9C34-52CFC4A77B22}.Release|Any CPU.ActiveCfg = Release|Any CPU
		{1C761605-206B-4F93-9C34-52CFC4A77B22}.Release|Any CPU.Build.0 = Release|Any CPU
	EndGlobalSection
	GlobalSection(SolutionProperties) = preSolution
		HideSolutionNode = FALSE
	EndGlobalSection
EndGlobal
