
Microsoft Visual Studio Solution File, Format Version 12.00
# Visual Studio 14
VisualStudioVersion = 14.0.24720.0
MinimumVisualStudioVersion = 10.0.40219.1
Project("{FAE04EC0-301F-11D3-BF4B-00C04F79EFBC}") = "01.Numbers1ToN", "01.Numbers1ToN\01.Numbers1ToN.csproj", "{0626AD85-93ED-4089-B4F2-67A2A6E33665}"
EndProject
Project("{FAE04EC0-301F-11D3-BF4B-00C04F79EFBC}") = "02.NotDivisibleNumbers", "02.NotDivisibleNumbers\02.NotDivisibleNumbers.csproj", "{464BF77A-8895-4A75-A5A1-63B63710D8EB}"
EndProject
Project("{FAE04EC0-301F-11D3-BF4B-00C04F79EFBC}") = "03.MMSAOfNumbers", "03.MMSAOfNumbers\03.MMSAOfNumbers.csproj", "{FD8D824E-10BA-4D7A-A789-EC1D3DA4DA77}"
EndProject
Project("{FAE04EC0-301F-11D3-BF4B-00C04F79EFBC}") = "04.PrintDeck", "04.PrintDeck\04.PrintDeck.csproj", "{594C8067-47BE-4EBC-9917-049C99D09B36}"
EndProject
Project("{FAE04EC0-301F-11D3-BF4B-00C04F79EFBC}") = "05.Calculate", "05.Calculate!\05.Calculate.csproj", "{D1D98C91-6425-4184-8764-E3DF2BCFD024}"
EndProject
Project("{FAE04EC0-301F-11D3-BF4B-00C04F79EFBC}") = "06.CalculateAgain", "06.CalculateAgain\06.CalculateAgain.csproj", "{572ADDD5-626F-4906-94D1-9F1DC02DCCE9}"
EndProject
Project("{FAE04EC0-301F-11D3-BF4B-00C04F79EFBC}") = "07.CalculateThreeFactorial", "07.CalculateThreeFactorial\07.CalculateThreeFactorial.csproj", "{324BC7DE-AE95-45D9-8B91-3198ABAD9C1F}"
EndProject
Project("{FAE04EC0-301F-11D3-BF4B-00C04F79EFBC}") = "08.CatalanNumbers", "08.CatalanNumbers\08.CatalanNumbers.csproj", "{ED023144-5DDD-45D8-978A-B736C94A759A}"
EndProject
Project("{FAE04EC0-301F-11D3-BF4B-00C04F79EFBC}") = "09.MatrixNumbers", "09.MatrixNumbers\09.MatrixNumbers.csproj", "{401ADE28-8135-45BD-87BA-3FAF6088407C}"
EndProject
Project("{FAE04EC0-301F-11D3-BF4B-00C04F79EFBC}") = "10.OddEvenProduct", "10.OddEvenProduct\10.OddEvenProduct.csproj", "{C3A6A7DC-CB1A-47D9-9782-C02A89E29F22}"
EndProject
Project("{FAE04EC0-301F-11D3-BF4B-00C04F79EFBC}") = "11.BinaryToDecimal", "11.BinaryToDecimal\11.BinaryToDecimal.csproj", "{C6495222-4636-4BE0-A204-579C207182BB}"
EndProject
Project("{FAE04EC0-301F-11D3-BF4B-00C04F79EFBC}") = "12.DecimalToBinary", "12.DecimalToBinary\12.DecimalToBinary.csproj", "{4743DAB0-1621-496D-94BC-36FCB9E17BB6}"
EndProject
Project("{FAE04EC0-301F-11D3-BF4B-00C04F79EFBC}") = "13.DecimalToHexaDecimal", "13.DecimalToHexaDecimal\13.DecimalToHexaDecimal.csproj", "{730BC4C1-524E-42AD-BC90-510B3CBE6EC8}"
EndProject
Project("{FAE04EC0-301F-11D3-BF4B-00C04F79EFBC}") = "14.HexaDecimalToDecimal", "14.HexaDecimalToDecimal\14.HexaDecimalToDecimal.csproj", "{1E535E7A-F7A5-4D7C-9414-59063E07E11A}"
EndProject
Project("{FAE04EC0-301F-11D3-BF4B-00C04F79EFBC}") = "17.SpiralMatrix", "17.SpiralMatrix\17.SpiralMatrix.csproj", "{77274B1A-5E61-4021-AB2C-9DE75379336F}"
EndProject
Project("{FAE04EC0-301F-11D3-BF4B-00C04F79EFBC}") = "15.GreatestCommonDivider", "15.GreatestCommonDivider\15.GreatestCommonDivider.csproj", "{EF17A499-3A2F-4EB3-ABF8-C615975F3A48}"
EndProject
Project("{FAE04EC0-301F-11D3-BF4B-00C04F79EFBC}") = "16.FactorialTrailingZeros", "16.FactorialTrailingZeros\16.FactorialTrailingZeros.csproj", "{8AE5A500-A23D-458A-8648-700549EB3D7F}"
EndProject
Global
	GlobalSection(SolutionConfigurationPlatforms) = preSolution
		Debug|Any CPU = Debug|Any CPU
		Release|Any CPU = Release|Any CPU
	EndGlobalSection
	GlobalSection(ProjectConfigurationPlatforms) = postSolution
		{0626AD85-93ED-4089-B4F2-67A2A6E33665}.Debug|Any CPU.ActiveCfg = Debug|Any CPU
		{0626AD85-93ED-4089-B4F2-67A2A6E33665}.Debug|Any CPU.Build.0 = Debug|Any CPU
		{0626AD85-93ED-4089-B4F2-67A2A6E33665}.Release|Any CPU.ActiveCfg = Release|Any CPU
		{0626AD85-93ED-4089-B4F2-67A2A6E33665}.Release|Any CPU.Build.0 = Release|Any CPU
		{464BF77A-8895-4A75-A5A1-63B63710D8EB}.Debug|Any CPU.ActiveCfg = Debug|Any CPU
		{464BF77A-8895-4A75-A5A1-63B63710D8EB}.Debug|Any CPU.Build.0 = Debug|Any CPU
		{464BF77A-8895-4A75-A5A1-63B63710D8EB}.Release|Any CPU.ActiveCfg = Release|Any CPU
		{464BF77A-8895-4A75-A5A1-63B63710D8EB}.Release|Any CPU.Build.0 = Release|Any CPU
		{FD8D824E-10BA-4D7A-A789-EC1D3DA4DA77}.Debug|Any CPU.ActiveCfg = Debug|Any CPU
		{FD8D824E-10BA-4D7A-A789-EC1D3DA4DA77}.Debug|Any CPU.Build.0 = Debug|Any CPU
		{FD8D824E-10BA-4D7A-A789-EC1D3DA4DA77}.Release|Any CPU.ActiveCfg = Release|Any CPU
		{FD8D824E-10BA-4D7A-A789-EC1D3DA4DA77}.Release|Any CPU.Build.0 = Release|Any CPU
		{594C8067-47BE-4EBC-9917-049C99D09B36}.Debug|Any CPU.ActiveCfg = Debug|Any CPU
		{594C8067-47BE-4EBC-9917-049C99D09B36}.Debug|Any CPU.Build.0 = Debug|Any CPU
		{594C8067-47BE-4EBC-9917-049C99D09B36}.Release|Any CPU.ActiveCfg = Release|Any CPU
		{594C8067-47BE-4EBC-9917-049C99D09B36}.Release|Any CPU.Build.0 = Release|Any CPU
		{D1D98C91-6425-4184-8764-E3DF2BCFD024}.Debug|Any CPU.ActiveCfg = Debug|Any CPU
		{D1D98C91-6425-4184-8764-E3DF2BCFD024}.Debug|Any CPU.Build.0 = Debug|Any CPU
		{D1D98C91-6425-4184-8764-E3DF2BCFD024}.Release|Any CPU.ActiveCfg = Release|Any CPU
		{D1D98C91-6425-4184-8764-E3DF2BCFD024}.Release|Any CPU.Build.0 = Release|Any CPU
		{572ADDD5-626F-4906-94D1-9F1DC02DCCE9}.Debug|Any CPU.ActiveCfg = Debug|Any CPU
		{572ADDD5-626F-4906-94D1-9F1DC02DCCE9}.Debug|Any CPU.Build.0 = Debug|Any CPU
		{572ADDD5-626F-4906-94D1-9F1DC02DCCE9}.Release|Any CPU.ActiveCfg = Release|Any CPU
		{572ADDD5-626F-4906-94D1-9F1DC02DCCE9}.Release|Any CPU.Build.0 = Release|Any CPU
		{324BC7DE-AE95-45D9-8B91-3198ABAD9C1F}.Debug|Any CPU.ActiveCfg = Debug|Any CPU
		{324BC7DE-AE95-45D9-8B91-3198ABAD9C1F}.Debug|Any CPU.Build.0 = Debug|Any CPU
		{324BC7DE-AE95-45D9-8B91-3198ABAD9C1F}.Release|Any CPU.ActiveCfg = Release|Any CPU
		{324BC7DE-AE95-45D9-8B91-3198ABAD9C1F}.Release|Any CPU.Build.0 = Release|Any CPU
		{ED023144-5DDD-45D8-978A-B736C94A759A}.Debug|Any CPU.ActiveCfg = Debug|Any CPU
		{ED023144-5DDD-45D8-978A-B736C94A759A}.Debug|Any CPU.Build.0 = Debug|Any CPU
		{ED023144-5DDD-45D8-978A-B736C94A759A}.Release|Any CPU.ActiveCfg = Release|Any CPU
		{ED023144-5DDD-45D8-978A-B736C94A759A}.Release|Any CPU.Build.0 = Release|Any CPU
		{401ADE28-8135-45BD-87BA-3FAF6088407C}.Debug|Any CPU.ActiveCfg = Debug|Any CPU
		{401ADE28-8135-45BD-87BA-3FAF6088407C}.Debug|Any CPU.Build.0 = Debug|Any CPU
		{401ADE28-8135-45BD-87BA-3FAF6088407C}.Release|Any CPU.ActiveCfg = Release|Any CPU
		{401ADE28-8135-45BD-87BA-3FAF6088407C}.Release|Any CPU.Build.0 = Release|Any CPU
		{C3A6A7DC-CB1A-47D9-9782-C02A89E29F22}.Debug|Any CPU.ActiveCfg = Debug|Any CPU
		{C3A6A7DC-CB1A-47D9-9782-C02A89E29F22}.Debug|Any CPU.Build.0 = Debug|Any CPU
		{C3A6A7DC-CB1A-47D9-9782-C02A89E29F22}.Release|Any CPU.ActiveCfg = Release|Any CPU
		{C3A6A7DC-CB1A-47D9-9782-C02A89E29F22}.Release|Any CPU.Build.0 = Release|Any CPU
		{C6495222-4636-4BE0-A204-579C207182BB}.Debug|Any CPU.ActiveCfg = Debug|Any CPU
		{C6495222-4636-4BE0-A204-579C207182BB}.Debug|Any CPU.Build.0 = Debug|Any CPU
		{C6495222-4636-4BE0-A204-579C207182BB}.Release|Any CPU.ActiveCfg = Release|Any CPU
		{C6495222-4636-4BE0-A204-579C207182BB}.Release|Any CPU.Build.0 = Release|Any CPU
		{4743DAB0-1621-496D-94BC-36FCB9E17BB6}.Debug|Any CPU.ActiveCfg = Debug|Any CPU
		{4743DAB0-1621-496D-94BC-36FCB9E17BB6}.Debug|Any CPU.Build.0 = Debug|Any CPU
		{4743DAB0-1621-496D-94BC-36FCB9E17BB6}.Release|Any CPU.ActiveCfg = Release|Any CPU
		{4743DAB0-1621-496D-94BC-36FCB9E17BB6}.Release|Any CPU.Build.0 = Release|Any CPU
		{730BC4C1-524E-42AD-BC90-510B3CBE6EC8}.Debug|Any CPU.ActiveCfg = Debug|Any CPU
		{730BC4C1-524E-42AD-BC90-510B3CBE6EC8}.Debug|Any CPU.Build.0 = Debug|Any CPU
		{730BC4C1-524E-42AD-BC90-510B3CBE6EC8}.Release|Any CPU.ActiveCfg = Release|Any CPU
		{730BC4C1-524E-42AD-BC90-510B3CBE6EC8}.Release|Any CPU.Build.0 = Release|Any CPU
		{1E535E7A-F7A5-4D7C-9414-59063E07E11A}.Debug|Any CPU.ActiveCfg = Debug|Any CPU
		{1E535E7A-F7A5-4D7C-9414-59063E07E11A}.Debug|Any CPU.Build.0 = Debug|Any CPU
		{1E535E7A-F7A5-4D7C-9414-59063E07E11A}.Release|Any CPU.ActiveCfg = Release|Any CPU
		{1E535E7A-F7A5-4D7C-9414-59063E07E11A}.Release|Any CPU.Build.0 = Release|Any CPU
		{77274B1A-5E61-4021-AB2C-9DE75379336F}.Debug|Any CPU.ActiveCfg = Debug|Any CPU
		{77274B1A-5E61-4021-AB2C-9DE75379336F}.Debug|Any CPU.Build.0 = Debug|Any CPU
		{77274B1A-5E61-4021-AB2C-9DE75379336F}.Release|Any CPU.ActiveCfg = Release|Any CPU
		{77274B1A-5E61-4021-AB2C-9DE75379336F}.Release|Any CPU.Build.0 = Release|Any CPU
		{EF17A499-3A2F-4EB3-ABF8-C615975F3A48}.Debug|Any CPU.ActiveCfg = Debug|Any CPU
		{EF17A499-3A2F-4EB3-ABF8-C615975F3A48}.Debug|Any CPU.Build.0 = Debug|Any CPU
		{EF17A499-3A2F-4EB3-ABF8-C615975F3A48}.Release|Any CPU.ActiveCfg = Release|Any CPU
		{EF17A499-3A2F-4EB3-ABF8-C615975F3A48}.Release|Any CPU.Build.0 = Release|Any CPU
		{8AE5A500-A23D-458A-8648-700549EB3D7F}.Debug|Any CPU.ActiveCfg = Debug|Any CPU
		{8AE5A500-A23D-458A-8648-700549EB3D7F}.Debug|Any CPU.Build.0 = Debug|Any CPU
		{8AE5A500-A23D-458A-8648-700549EB3D7F}.Release|Any CPU.ActiveCfg = Release|Any CPU
		{8AE5A500-A23D-458A-8648-700549EB3D7F}.Release|Any CPU.Build.0 = Release|Any CPU
	EndGlobalSection
	GlobalSection(SolutionProperties) = preSolution
		HideSolutionNode = FALSE
	EndGlobalSection
EndGlobal
