
Microsoft Visual Studio Solution File, Format Version 12.00
# Visual Studio 14
VisualStudioVersion = 14.0.24720.0
MinimumVisualStudioVersion = 10.0.40219.1
Project("{FAE04EC0-301F-11D3-BF4B-00C04F79EFBC}") = "Validators", "Validators\Validators.csproj", "{54FEA9A0-63D0-48A3-AAE1-C0AB72AC4C79}"
EndProject
Project("{FAE04EC0-301F-11D3-BF4B-00C04F79EFBC}") = "ValidatorsTests", "ValidatorsTests\ValidatorsTests.csproj", "{844B21D6-05B9-4066-A431-8657DE2F8B02}"
EndProject
Project("{FAE04EC0-301F-11D3-BF4B-00C04F79EFBC}") = "TestBank", "TestBank\TestBank.csproj", "{6C483382-4EF0-404C-9054-AED12975BFA3}"
EndProject
Project("{FAE04EC0-301F-11D3-BF4B-00C04F79EFBC}") = "Bank", "Bank\Bank.csproj", "{654A496C-6745-4CB3-BA57-5A520560199F}"
EndProject
Project("{FAE04EC0-301F-11D3-BF4B-00C04F79EFBC}") = "Utilities", "..\Utilities\Utilities\Utilities.csproj", "{E325E123-876C-4301-87C7-DA0B64F35823}"
EndProject
Project("{2150E333-8FDC-42A3-9474-1A3956D46DE8}") = "BankProject", "BankProject", "{ADB58409-4472-4B09-B9E7-84712AD2E0C2}"
EndProject
Project("{2150E333-8FDC-42A3-9474-1A3956D46DE8}") = "ValidatorsProject", "ValidatorsProject", "{A24462E0-2270-44A9-AD8D-3CB613690911}"
EndProject
Project("{FAE04EC0-301F-11D3-BF4B-00C04F79EFBC}") = "Utilities.Test.MsTest", "..\Utilities\Utilities.Test.MsTest\Utilities.Test.MsTest.csproj", "{DC8F58AE-1C89-41B1-BFAC-2526D3F9BC11}"
EndProject
Global
	GlobalSection(SolutionConfigurationPlatforms) = preSolution
		Debug|Any CPU = Debug|Any CPU
		Release|Any CPU = Release|Any CPU
	EndGlobalSection
	GlobalSection(ProjectConfigurationPlatforms) = postSolution
		{54FEA9A0-63D0-48A3-AAE1-C0AB72AC4C79}.Debug|Any CPU.ActiveCfg = Debug|Any CPU
		{54FEA9A0-63D0-48A3-AAE1-C0AB72AC4C79}.Debug|Any CPU.Build.0 = Debug|Any CPU
		{54FEA9A0-63D0-48A3-AAE1-C0AB72AC4C79}.Release|Any CPU.ActiveCfg = Release|Any CPU
		{54FEA9A0-63D0-48A3-AAE1-C0AB72AC4C79}.Release|Any CPU.Build.0 = Release|Any CPU
		{844B21D6-05B9-4066-A431-8657DE2F8B02}.Debug|Any CPU.ActiveCfg = Debug|Any CPU
		{844B21D6-05B9-4066-A431-8657DE2F8B02}.Debug|Any CPU.Build.0 = Debug|Any CPU
		{844B21D6-05B9-4066-A431-8657DE2F8B02}.Release|Any CPU.ActiveCfg = Release|Any CPU
		{844B21D6-05B9-4066-A431-8657DE2F8B02}.Release|Any CPU.Build.0 = Release|Any CPU
		{6C483382-4EF0-404C-9054-AED12975BFA3}.Debug|Any CPU.ActiveCfg = Debug|Any CPU
		{6C483382-4EF0-404C-9054-AED12975BFA3}.Debug|Any CPU.Build.0 = Debug|Any CPU
		{6C483382-4EF0-404C-9054-AED12975BFA3}.Release|Any CPU.ActiveCfg = Release|Any CPU
		{6C483382-4EF0-404C-9054-AED12975BFA3}.Release|Any CPU.Build.0 = Release|Any CPU
		{654A496C-6745-4CB3-BA57-5A520560199F}.Debug|Any CPU.ActiveCfg = Debug|Any CPU
		{654A496C-6745-4CB3-BA57-5A520560199F}.Debug|Any CPU.Build.0 = Debug|Any CPU
		{654A496C-6745-4CB3-BA57-5A520560199F}.Release|Any CPU.ActiveCfg = Release|Any CPU
		{654A496C-6745-4CB3-BA57-5A520560199F}.Release|Any CPU.Build.0 = Release|Any CPU
		{E325E123-876C-4301-87C7-DA0B64F35823}.Debug|Any CPU.ActiveCfg = Debug|Any CPU
		{E325E123-876C-4301-87C7-DA0B64F35823}.Debug|Any CPU.Build.0 = Debug|Any CPU
		{E325E123-876C-4301-87C7-DA0B64F35823}.Release|Any CPU.ActiveCfg = Release|Any CPU
		{E325E123-876C-4301-87C7-DA0B64F35823}.Release|Any CPU.Build.0 = Release|Any CPU
		{DC8F58AE-1C89-41B1-BFAC-2526D3F9BC11}.Debug|Any CPU.ActiveCfg = Debug|Any CPU
		{DC8F58AE-1C89-41B1-BFAC-2526D3F9BC11}.Debug|Any CPU.Build.0 = Debug|Any CPU
		{DC8F58AE-1C89-41B1-BFAC-2526D3F9BC11}.Release|Any CPU.ActiveCfg = Release|Any CPU
		{DC8F58AE-1C89-41B1-BFAC-2526D3F9BC11}.Release|Any CPU.Build.0 = Release|Any CPU
	EndGlobalSection
	GlobalSection(SolutionProperties) = preSolution
		HideSolutionNode = FALSE
	EndGlobalSection
	GlobalSection(NestedProjects) = preSolution
		{54FEA9A0-63D0-48A3-AAE1-C0AB72AC4C79} = {A24462E0-2270-44A9-AD8D-3CB613690911}
		{844B21D6-05B9-4066-A431-8657DE2F8B02} = {A24462E0-2270-44A9-AD8D-3CB613690911}
		{6C483382-4EF0-404C-9054-AED12975BFA3} = {ADB58409-4472-4B09-B9E7-84712AD2E0C2}
		{654A496C-6745-4CB3-BA57-5A520560199F} = {ADB58409-4472-4B09-B9E7-84712AD2E0C2}
	EndGlobalSection
EndGlobal
