
Microsoft Visual Studio Solution File, Format Version 12.00
# Visual Studio 15
VisualStudioVersion = 15.0.26228.4
MinimumVisualStudioVersion = 10.0.40219.1
Project("{FAE04EC0-301F-11D3-BF4B-00C04F79EFBC}") = "SortingAlgorithms", "ConsoleApp1\SortingAlgorithms.csproj", "{D18A5FB7-AEC9-4CAA-A72E-2E17C0182469}"
EndProject
Project("{FAE04EC0-301F-11D3-BF4B-00C04F79EFBC}") = "SortinAlgorithms.Tests", "SortinAlgorithms.Tests\SortinAlgorithms.Tests.csproj", "{C1FC274B-B911-4CC6-8FF2-B5CCFD25197D}"
EndProject
Global
	GlobalSection(SolutionConfigurationPlatforms) = preSolution
		Debug|Any CPU = Debug|Any CPU
		Release|Any CPU = Release|Any CPU
	EndGlobalSection
	GlobalSection(ProjectConfigurationPlatforms) = postSolution
		{D18A5FB7-AEC9-4CAA-A72E-2E17C0182469}.Debug|Any CPU.ActiveCfg = Debug|Any CPU
		{D18A5FB7-AEC9-4CAA-A72E-2E17C0182469}.Debug|Any CPU.Build.0 = Debug|Any CPU
		{D18A5FB7-AEC9-4CAA-A72E-2E17C0182469}.Release|Any CPU.ActiveCfg = Release|Any CPU
		{D18A5FB7-AEC9-4CAA-A72E-2E17C0182469}.Release|Any CPU.Build.0 = Release|Any CPU
		{C1FC274B-B911-4CC6-8FF2-B5CCFD25197D}.Debug|Any CPU.ActiveCfg = Debug|Any CPU
		{C1FC274B-B911-4CC6-8FF2-B5CCFD25197D}.Debug|Any CPU.Build.0 = Debug|Any CPU
		{C1FC274B-B911-4CC6-8FF2-B5CCFD25197D}.Release|Any CPU.ActiveCfg = Release|Any CPU
		{C1FC274B-B911-4CC6-8FF2-B5CCFD25197D}.Release|Any CPU.Build.0 = Release|Any CPU
	EndGlobalSection
	GlobalSection(SolutionProperties) = preSolution
		HideSolutionNode = FALSE
	EndGlobalSection
EndGlobal
