
Microsoft Visual Studio Solution File, Format Version 12.00
# Visual Studio 14
VisualStudioVersion = 14.0.24720.0
MinimumVisualStudioVersion = 10.0.40219.1
Project("{FAE04EC0-301F-11D3-BF4B-00C04F79EFBC}") = "01.MobileDevice", "01.DefineClass\01.MobileDevice.csproj", "{3DF35380-D164-445A-B6FC-293367E96F7E}"
EndProject
Project("{FAE04EC0-301F-11D3-BF4B-00C04F79EFBC}") = "02.DragonArmy", "02.DragonArmy\02.DragonArmy.csproj", "{B8387169-A493-42AE-A0DA-5AAC9347A382}"
EndProject
Project("{FAE04EC0-301F-11D3-BF4B-00C04F79EFBC}") = "03.StudentInformation", "03.StudentInformation\03.StudentInformation.csproj", "{3D4F249A-8132-4963-92AD-D026705C58D8}"
EndProject
Project("{FAE04EC0-301F-11D3-BF4B-00C04F79EFBC}") = "04.DefineLibrary", "04.DefineLibrary\04.DefineLibrary.csproj", "{1DFA3742-52A5-477F-B52D-7CE7E2A29FB0}"
EndProject
Project("{FAE04EC0-301F-11D3-BF4B-00C04F79EFBC}") = "05.School", "05.School\05.School.csproj", "{A19BEDD3-0C43-45E7-BD90-DE91CCA0F5E1}"
EndProject
Global
	GlobalSection(SolutionConfigurationPlatforms) = preSolution
		Debug|Any CPU = Debug|Any CPU
		Release|Any CPU = Release|Any CPU
	EndGlobalSection
	GlobalSection(ProjectConfigurationPlatforms) = postSolution
		{3DF35380-D164-445A-B6FC-293367E96F7E}.Debug|Any CPU.ActiveCfg = Debug|Any CPU
		{3DF35380-D164-445A-B6FC-293367E96F7E}.Debug|Any CPU.Build.0 = Debug|Any CPU
		{3DF35380-D164-445A-B6FC-293367E96F7E}.Release|Any CPU.ActiveCfg = Release|Any CPU
		{3DF35380-D164-445A-B6FC-293367E96F7E}.Release|Any CPU.Build.0 = Release|Any CPU
		{B8387169-A493-42AE-A0DA-5AAC9347A382}.Debug|Any CPU.ActiveCfg = Debug|Any CPU
		{B8387169-A493-42AE-A0DA-5AAC9347A382}.Debug|Any CPU.Build.0 = Debug|Any CPU
		{B8387169-A493-42AE-A0DA-5AAC9347A382}.Release|Any CPU.ActiveCfg = Release|Any CPU
		{B8387169-A493-42AE-A0DA-5AAC9347A382}.Release|Any CPU.Build.0 = Release|Any CPU
		{3D4F249A-8132-4963-92AD-D026705C58D8}.Debug|Any CPU.ActiveCfg = Debug|Any CPU
		{3D4F249A-8132-4963-92AD-D026705C58D8}.Debug|Any CPU.Build.0 = Debug|Any CPU
		{3D4F249A-8132-4963-92AD-D026705C58D8}.Release|Any CPU.ActiveCfg = Release|Any CPU
		{3D4F249A-8132-4963-92AD-D026705C58D8}.Release|Any CPU.Build.0 = Release|Any CPU
		{1DFA3742-52A5-477F-B52D-7CE7E2A29FB0}.Debug|Any CPU.ActiveCfg = Debug|Any CPU
		{1DFA3742-52A5-477F-B52D-7CE7E2A29FB0}.Debug|Any CPU.Build.0 = Debug|Any CPU
		{1DFA3742-52A5-477F-B52D-7CE7E2A29FB0}.Release|Any CPU.ActiveCfg = Release|Any CPU
		{1DFA3742-52A5-477F-B52D-7CE7E2A29FB0}.Release|Any CPU.Build.0 = Release|Any CPU
		{A19BEDD3-0C43-45E7-BD90-DE91CCA0F5E1}.Debug|Any CPU.ActiveCfg = Debug|Any CPU
		{A19BEDD3-0C43-45E7-BD90-DE91CCA0F5E1}.Debug|Any CPU.Build.0 = Debug|Any CPU
		{A19BEDD3-0C43-45E7-BD90-DE91CCA0F5E1}.Release|Any CPU.ActiveCfg = Release|Any CPU
		{A19BEDD3-0C43-45E7-BD90-DE91CCA0F5E1}.Release|Any CPU.Build.0 = Release|Any CPU
	EndGlobalSection
	GlobalSection(SolutionProperties) = preSolution
		HideSolutionNode = FALSE
	EndGlobalSection
EndGlobal
