
Microsoft Visual Studio Solution File, Format Version 12.00
# Visual Studio 14
VisualStudioVersion = 14.0.24720.0
MinimumVisualStudioVersion = 10.0.40219.1
Project("{FAE04EC0-301F-11D3-BF4B-00C04F79EFBC}") = "Academy", "Academy\Academy.csproj", "{37BA7D68-D803-4820-9586-8EFC016C9144}"
EndProject
Project("{FAE04EC0-301F-11D3-BF4B-00C04F79EFBC}") = "Academy.Tests", "Academy.Tests\Academy.Tests.csproj", "{22F1D416-14F7-4290-9749-036D3CA487B4}"
EndProject
Global
	GlobalSection(SolutionConfigurationPlatforms) = preSolution
		Debug|Any CPU = Debug|Any CPU
		Release|Any CPU = Release|Any CPU
	EndGlobalSection
	GlobalSection(ProjectConfigurationPlatforms) = postSolution
		{37BA7D68-D803-4820-9586-8EFC016C9144}.Debug|Any CPU.ActiveCfg = Debug|Any CPU
		{37BA7D68-D803-4820-9586-8EFC016C9144}.Debug|Any CPU.Build.0 = Debug|Any CPU
		{37BA7D68-D803-4820-9586-8EFC016C9144}.Release|Any CPU.ActiveCfg = Release|Any CPU
		{37BA7D68-D803-4820-9586-8EFC016C9144}.Release|Any CPU.Build.0 = Release|Any CPU
		{22F1D416-14F7-4290-9749-036D3CA487B4}.Debug|Any CPU.ActiveCfg = Debug|Any CPU
		{22F1D416-14F7-4290-9749-036D3CA487B4}.Debug|Any CPU.Build.0 = Debug|Any CPU
		{22F1D416-14F7-4290-9749-036D3CA487B4}.Release|Any CPU.ActiveCfg = Release|Any CPU
		{22F1D416-14F7-4290-9749-036D3CA487B4}.Release|Any CPU.Build.0 = Release|Any CPU
	EndGlobalSection
	GlobalSection(SolutionProperties) = preSolution
		HideSolutionNode = FALSE
	EndGlobalSection
EndGlobal
