
Microsoft Visual Studio Solution File, Format Version 12.00
# Visual Studio 14
VisualStudioVersion = 14.0.24720.0
MinimumVisualStudioVersion = 10.0.40219.1
Project("{FAE04EC0-301F-11D3-BF4B-00C04F79EFBC}") = "01.BoolToString", "..\01.BoolToString\01.BoolToString.csproj", "{E5795637-9D21-4965-886E-39E4F6CA84A3}"
EndProject
Project("{FAE04EC0-301F-11D3-BF4B-00C04F79EFBC}") = "02.HumanCreator", "02.HumanCreator\02.HumanCreator.csproj", "{B98E2AF0-13E6-4474-8B10-CDA77D449144}"
EndProject
Project("{FAE04EC0-301F-11D3-BF4B-00C04F79EFBC}") = "04.Mines", "04.Mines.csproj", "{B20E8DFD-5F12-4358-849D-1F25806E9052}"
EndProject
Global
	GlobalSection(SolutionConfigurationPlatforms) = preSolution
		Debug|Any CPU = Debug|Any CPU
		Release|Any CPU = Release|Any CPU
	EndGlobalSection
	GlobalSection(ProjectConfigurationPlatforms) = postSolution
		{E5795637-9D21-4965-886E-39E4F6CA84A3}.Debug|Any CPU.ActiveCfg = Debug|Any CPU
		{E5795637-9D21-4965-886E-39E4F6CA84A3}.Debug|Any CPU.Build.0 = Debug|Any CPU
		{E5795637-9D21-4965-886E-39E4F6CA84A3}.Release|Any CPU.ActiveCfg = Release|Any CPU
		{E5795637-9D21-4965-886E-39E4F6CA84A3}.Release|Any CPU.Build.0 = Release|Any CPU
		{B98E2AF0-13E6-4474-8B10-CDA77D449144}.Debug|Any CPU.ActiveCfg = Debug|Any CPU
		{B98E2AF0-13E6-4474-8B10-CDA77D449144}.Debug|Any CPU.Build.0 = Debug|Any CPU
		{B98E2AF0-13E6-4474-8B10-CDA77D449144}.Release|Any CPU.ActiveCfg = Release|Any CPU
		{B98E2AF0-13E6-4474-8B10-CDA77D449144}.Release|Any CPU.Build.0 = Release|Any CPU
		{B20E8DFD-5F12-4358-849D-1F25806E9052}.Debug|Any CPU.ActiveCfg = Debug|Any CPU
		{B20E8DFD-5F12-4358-849D-1F25806E9052}.Debug|Any CPU.Build.0 = Debug|Any CPU
		{B20E8DFD-5F12-4358-849D-1F25806E9052}.Release|Any CPU.ActiveCfg = Release|Any CPU
		{B20E8DFD-5F12-4358-849D-1F25806E9052}.Release|Any CPU.Build.0 = Release|Any CPU
	EndGlobalSection
	GlobalSection(SolutionProperties) = preSolution
		HideSolutionNode = FALSE
	EndGlobalSection
EndGlobal
