
Microsoft Visual Studio Solution File, Format Version 12.00
# Visual Studio 15
VisualStudioVersion = 15.0.26228.4
MinimumVisualStudioVersion = 10.0.40219.1
Project("{FAE04EC0-301F-11D3-BF4B-00C04F79EFBC}") = "01.JediMedidation", "01.JediMedidation\01.JediMedidation.csproj", "{784EFF22-CE95-44DC-B6AA-929A3785A27F}"
EndProject
Project("{FAE04EC0-301F-11D3-BF4B-00C04F79EFBC}") = "02.Swapping", "02.Swapping\02.Swapping.csproj", "{5B8CBC9B-9C2B-4175-B787-F1FABEF7B038}"
EndProject
Project("{FAE04EC0-301F-11D3-BF4B-00C04F79EFBC}") = "03.Numerology", "Numerology\03.Numerology.csproj", "{C199DE36-E60B-4BE8-89DA-532889B50A32}"
EndProject
Global
	GlobalSection(SolutionConfigurationPlatforms) = preSolution
		Debug|Any CPU = Debug|Any CPU
		Release|Any CPU = Release|Any CPU
	EndGlobalSection
	GlobalSection(ProjectConfigurationPlatforms) = postSolution
		{784EFF22-CE95-44DC-B6AA-929A3785A27F}.Debug|Any CPU.ActiveCfg = Debug|Any CPU
		{784EFF22-CE95-44DC-B6AA-929A3785A27F}.Debug|Any CPU.Build.0 = Debug|Any CPU
		{784EFF22-CE95-44DC-B6AA-929A3785A27F}.Release|Any CPU.ActiveCfg = Release|Any CPU
		{784EFF22-CE95-44DC-B6AA-929A3785A27F}.Release|Any CPU.Build.0 = Release|Any CPU
		{5B8CBC9B-9C2B-4175-B787-F1FABEF7B038}.Debug|Any CPU.ActiveCfg = Debug|Any CPU
		{5B8CBC9B-9C2B-4175-B787-F1FABEF7B038}.Debug|Any CPU.Build.0 = Debug|Any CPU
		{5B8CBC9B-9C2B-4175-B787-F1FABEF7B038}.Release|Any CPU.ActiveCfg = Release|Any CPU
		{5B8CBC9B-9C2B-4175-B787-F1FABEF7B038}.Release|Any CPU.Build.0 = Release|Any CPU
		{C199DE36-E60B-4BE8-89DA-532889B50A32}.Debug|Any CPU.ActiveCfg = Debug|Any CPU
		{C199DE36-E60B-4BE8-89DA-532889B50A32}.Debug|Any CPU.Build.0 = Debug|Any CPU
		{C199DE36-E60B-4BE8-89DA-532889B50A32}.Release|Any CPU.ActiveCfg = Release|Any CPU
		{C199DE36-E60B-4BE8-89DA-532889B50A32}.Release|Any CPU.Build.0 = Release|Any CPU
	EndGlobalSection
	GlobalSection(SolutionProperties) = preSolution
		HideSolutionNode = FALSE
	EndGlobalSection
EndGlobal
